// !$*UTF8*$!
{
	archiveVersion = 1;
	classes = {
	};
	objectVersion = 51;
	objects = {

/* Begin PBXBuildFile section */
		4A0127C926B327DA00878C7E /* AuthService.swift in Sources */ = {isa = PBXBuildFile; fileRef = 4A0127C826B327DA00878C7E /* AuthService.swift */; };
		4A1A7EBB26AF3860001C9973 /* GoogleService-Info.plist in Resources */ = {isa = PBXBuildFile; fileRef = 4A1A7EBA26AF3860001C9973 /* GoogleService-Info.plist */; };
		4A2A8A9126CAEB75000351DA /* AuthViewController+AuthNavigationDelegate.swift in Sources */ = {isa = PBXBuildFile; fileRef = 4A2A8A9026CAEB75000351DA /* AuthViewController+AuthNavigationDelegate.swift */; };
		4A2A8A9326CC4C69000351DA /* AuthNavigationDelegate.swift in Sources */ = {isa = PBXBuildFile; fileRef = 4A2A8A9226CC4C68000351DA /* AuthNavigationDelegate.swift */; };
		4A2FE49C2698619D00BEECDF /* SetupProfileViewController.swift in Sources */ = {isa = PBXBuildFile; fileRef = 4A2FE49B2698619D00BEECDF /* SetupProfileViewController.swift */; };
		4A2FE4A1269864D900BEECDF /* AddPhotoView.swift in Sources */ = {isa = PBXBuildFile; fileRef = 4A2FE4A0269864D900BEECDF /* AddPhotoView.swift */; };
		4A403BD026A0B4940076750B /* waitingChats.json in Resources */ = {isa = PBXBuildFile; fileRef = 4A403BCE26A0B4940076750B /* waitingChats.json */; };
		4A403BD126A0B4940076750B /* activeChats.json in Resources */ = {isa = PBXBuildFile; fileRef = 4A403BCF26A0B4940076750B /* activeChats.json */; };
		4A403BD326A0B4EB0076750B /* Bundle.swift in Sources */ = {isa = PBXBuildFile; fileRef = 4A403BD226A0B4EB0076750B /* Bundle.swift */; };
		4A4F529826B7031600B6066E /* Validators.swift in Sources */ = {isa = PBXBuildFile; fileRef = 4A4F529726B7031600B6066E /* Validators.swift */; };
		4A4F529A26B7065900B6066E /* AuthError.swift in Sources */ = {isa = PBXBuildFile; fileRef = 4A4F529926B7065900B6066E /* AuthError.swift */; };
		4A5D403126AB4527002B301D /* ProfileViewController.swift in Sources */ = {isa = PBXBuildFile; fileRef = 4A5D403026AB4527002B301D /* ProfileViewController.swift */; };
		4A5D403426AB460E002B301D /* ProfileView.swift in Sources */ = {isa = PBXBuildFile; fileRef = 4A5D403326AB460E002B301D /* ProfileView.swift */; };
		4A5EAA7B26A89193001E87AD /* users.json in Resources */ = {isa = PBXBuildFile; fileRef = 4A5EAA7A26A89193001E87AD /* users.json */; };
		4A5EAA7E26A8934C001E87AD /* MUser.swift in Sources */ = {isa = PBXBuildFile; fileRef = 4A5EAA7D26A8934C001E87AD /* MUser.swift */; };
		4A5EAA8026A8957E001E87AD /* SectionPeopleViewController.swift in Sources */ = {isa = PBXBuildFile; fileRef = 4A5EAA7F26A8957E001E87AD /* SectionPeopleViewController.swift */; };
		4A5EAA8226A897F2001E87AD /* PeopleViewController+CompositionalLayout.swift in Sources */ = {isa = PBXBuildFile; fileRef = 4A5EAA8126A897F2001E87AD /* PeopleViewController+CompositionalLayout.swift */; };
		4A5EAA8426A8997B001E87AD /* PeopleViewController+DataSource.swift in Sources */ = {isa = PBXBuildFile; fileRef = 4A5EAA8326A8997B001E87AD /* PeopleViewController+DataSource.swift */; };
		4A5FFF1E26A33A8200E21861 /* ActiveChatCell.swift in Sources */ = {isa = PBXBuildFile; fileRef = 4A5FFF1D26A33A8200E21861 /* ActiveChatCell.swift */; };
		4A5FFF2026A33B2000E21861 /* SelfConfiguringCellProtocol.swift in Sources */ = {isa = PBXBuildFile; fileRef = 4A5FFF1F26A33B2000E21861 /* SelfConfiguringCellProtocol.swift */; };
		4A5FFF2326A33CAE00E21861 /* ActiveChatCell+SelfConfiguringCell.swift in Sources */ = {isa = PBXBuildFile; fileRef = 4A5FFF2226A33CAE00E21861 /* ActiveChatCell+SelfConfiguringCell.swift */; };
		4A5FFF2526A3419900E21861 /* ListViewController+DataSource.swift in Sources */ = {isa = PBXBuildFile; fileRef = 4A5FFF2426A3419900E21861 /* ListViewController+DataSource.swift */; };
		4A5FFF2726A341F500E21861 /* ListViewController+CompositionalLayout.swift in Sources */ = {isa = PBXBuildFile; fileRef = 4A5FFF2626A341F500E21861 /* ListViewController+CompositionalLayout.swift */; };
		4A6FF40B2697364E00F74D5C /* LoginViewController.swift in Sources */ = {isa = PBXBuildFile; fileRef = 4A6FF40A2697364E00F74D5C /* LoginViewController.swift */; };
		4A6FF40D2697396000F74D5C /* LoginView.swift in Sources */ = {isa = PBXBuildFile; fileRef = 4A6FF40C2697396000F74D5C /* LoginView.swift */; };
		4A98CDB5269EEAAA00313AAF /* UISegmentedControl.swift in Sources */ = {isa = PBXBuildFile; fileRef = 4A98CDB4269EEAAA00313AAF /* UISegmentedControl.swift */; };
		4A98CDBA269F30FB00313AAF /* MainTabBarViewController.swift in Sources */ = {isa = PBXBuildFile; fileRef = 4A98CDB9269F30FB00313AAF /* MainTabBarViewController.swift */; };
		4A98CDBD269F32E400313AAF /* PeopleViewController.swift in Sources */ = {isa = PBXBuildFile; fileRef = 4A98CDBC269F32E400313AAF /* PeopleViewController.swift */; };
		4A98CDC0269F335800313AAF /* ListViewController.swift in Sources */ = {isa = PBXBuildFile; fileRef = 4A98CDBF269F335800313AAF /* ListViewController.swift */; };
		4A98CDC2269F671800313AAF /* Identifiers.swift in Sources */ = {isa = PBXBuildFile; fileRef = 4A98CDC1269F671800313AAF /* Identifiers.swift */; };
		4A98CDC6269F720000313AAF /* ListViewController+UISearchBarDelegate.swift in Sources */ = {isa = PBXBuildFile; fileRef = 4A98CDC5269F720000313AAF /* ListViewController+UISearchBarDelegate.swift */; };
		4A98CDC8269F737900313AAF /* PeopleViewController+UISearchBarDelegate.swift in Sources */ = {isa = PBXBuildFile; fileRef = 4A98CDC7269F737900313AAF /* PeopleViewController+UISearchBarDelegate.swift */; };
		4A98CDCC26A03E8300313AAF /* Section.swift in Sources */ = {isa = PBXBuildFile; fileRef = 4A98CDCB26A03E8300313AAF /* Section.swift */; };
		4A98CDCF26A044E600313AAF /* MChat.swift in Sources */ = {isa = PBXBuildFile; fileRef = 4A98CDCE26A044E600313AAF /* MChat.swift */; };
		4AAA4DB226A49B5D00B9F5A9 /* GradientView.swift in Sources */ = {isa = PBXBuildFile; fileRef = 4AAA4DB126A49B5D00B9F5A9 /* GradientView.swift */; };
		4AAA4DB526A49C9000B9F5A9 /* Point.swift in Sources */ = {isa = PBXBuildFile; fileRef = 4AAA4DB426A49C9000B9F5A9 /* Point.swift */; };
		4AAA4DB726A4A75800B9F5A9 /* WaitingChatCell.swift in Sources */ = {isa = PBXBuildFile; fileRef = 4AAA4DB626A4A75800B9F5A9 /* WaitingChatCell.swift */; };
		4AAA4DBA26A4A7CC00B9F5A9 /* WaitingChatCell+SelfConfiguringCell.swift in Sources */ = {isa = PBXBuildFile; fileRef = 4AAA4DB926A4A7CC00B9F5A9 /* WaitingChatCell+SelfConfiguringCell.swift */; };
		4AB760F626A9F1B3009D24C2 /* UserCell.swift in Sources */ = {isa = PBXBuildFile; fileRef = 4AB760F526A9F1B3009D24C2 /* UserCell.swift */; };
		4AB760F826A9F203009D24C2 /* UserCell+SelfConfiguringCell.swift in Sources */ = {isa = PBXBuildFile; fileRef = 4AB760F726A9F203009D24C2 /* UserCell+SelfConfiguringCell.swift */; };
		4AB760FA26A9F462009D24C2 /* UIViewController.swift in Sources */ = {isa = PBXBuildFile; fileRef = 4AB760F926A9F462009D24C2 /* UIViewController.swift */; };
		4ABAB2AB26A7427D00C1336A /* SectionHeader.swift in Sources */ = {isa = PBXBuildFile; fileRef = 4ABAB2AA26A7427D00C1336A /* SectionHeader.swift */; };
		4ABB59F026961C4700A4AC83 /* SignUpViewController.swift in Sources */ = {isa = PBXBuildFile; fileRef = 4ABB59EF26961C4700A4AC83 /* SignUpViewController.swift */; };
		4ABB59F526961EBB00A4AC83 /* SignUpView.swift in Sources */ = {isa = PBXBuildFile; fileRef = 4ABB59F426961EBB00A4AC83 /* SignUpView.swift */; };
		4ABB59F72696218600A4AC83 /* OneLineTextField .swift in Sources */ = {isa = PBXBuildFile; fileRef = 4ABB59F62696218600A4AC83 /* OneLineTextField .swift */; };
		4AE0BCC426ADD253006736D0 /* InsertableTextField .swift in Sources */ = {isa = PBXBuildFile; fileRef = 4AE0BCC326ADD253006736D0 /* InsertableTextField .swift */; };
		4AE0BCC726ADD655006736D0 /* UIView.swift in Sources */ = {isa = PBXBuildFile; fileRef = 4AE0BCC626ADD655006736D0 /* UIView.swift */; };
		4AE0BCCA26ADDD3B006736D0 /* ChatRequestViewController.swift in Sources */ = {isa = PBXBuildFile; fileRef = 4AE0BCC926ADDD3B006736D0 /* ChatRequestViewController.swift */; };
		4AE0BCCD26ADDFF6006736D0 /* ChatRequestView.swift in Sources */ = {isa = PBXBuildFile; fileRef = 4AE0BCCC26ADDFF6006736D0 /* ChatRequestView.swift */; };
		4AE6337B26936AF100294C83 /* AppDelegate.swift in Sources */ = {isa = PBXBuildFile; fileRef = 4AE6337A26936AF100294C83 /* AppDelegate.swift */; };
		4AE6337D26936AF100294C83 /* SceneDelegate.swift in Sources */ = {isa = PBXBuildFile; fileRef = 4AE6337C26936AF100294C83 /* SceneDelegate.swift */; };
		4AE6337F26936AF100294C83 /* AuthViewController.swift in Sources */ = {isa = PBXBuildFile; fileRef = 4AE6337E26936AF100294C83 /* AuthViewController.swift */; };
		4AE6338426936AFB00294C83 /* Assets.xcassets in Resources */ = {isa = PBXBuildFile; fileRef = 4AE6338326936AFB00294C83 /* Assets.xcassets */; };
		4AE6338726936AFB00294C83 /* LaunchScreen.storyboard in Resources */ = {isa = PBXBuildFile; fileRef = 4AE6338526936AFB00294C83 /* LaunchScreen.storyboard */; };
		4AE6339926937D6700294C83 /* UIButton.swift in Sources */ = {isa = PBXBuildFile; fileRef = 4AE6339826937D6700294C83 /* UIButton.swift */; };
		4AE633A126937E8800294C83 /* AuthView.swift in Sources */ = {isa = PBXBuildFile; fileRef = 4AE633A026937E8800294C83 /* AuthView.swift */; };
		4AE633A5269381E500294C83 /* UIFont.swift in Sources */ = {isa = PBXBuildFile; fileRef = 4AE633A4269381E500294C83 /* UIFont.swift */; };
		4AE633A82693835500294C83 /* UIColor.swift in Sources */ = {isa = PBXBuildFile; fileRef = 4AE633A72693835500294C83 /* UIColor.swift */; };
		4AE633AC2693872F00294C83 /* UILabel.swift in Sources */ = {isa = PBXBuildFile; fileRef = 4AE633AB2693872F00294C83 /* UILabel.swift */; };
		4AE633AF269389AE00294C83 /* UIImageView.swift in Sources */ = {isa = PBXBuildFile; fileRef = 4AE633AE269389AE00294C83 /* UIImageView.swift */; };
		4AE633B82693AD2400294C83 /* ButtonFormView.swift in Sources */ = {isa = PBXBuildFile; fileRef = 4AE633B72693AD2400294C83 /* ButtonFormView.swift */; };
		4AE633BB2693B9EF00294C83 /* UIStackView.swift in Sources */ = {isa = PBXBuildFile; fileRef = 4AE633BA2693B9EF00294C83 /* UIStackView.swift */; };
		DB229102B75A606604454476 /* Pods_iChat.framework in Frameworks */ = {isa = PBXBuildFile; fileRef = 3FD3BAFD796E197A08C35D0E /* Pods_iChat.framework */; };
/* End PBXBuildFile section */

/* Begin PBXFileReference section */
		0AC313E2060BFA26D08194FC /* Pods-iChat.release.xcconfig */ = {isa = PBXFileReference; includeInIndex = 1; lastKnownFileType = text.xcconfig; name = "Pods-iChat.release.xcconfig"; path = "Target Support Files/Pods-iChat/Pods-iChat.release.xcconfig"; sourceTree = "<group>"; };
		3FD3BAFD796E197A08C35D0E /* Pods_iChat.framework */ = {isa = PBXFileReference; explicitFileType = wrapper.framework; includeInIndex = 0; path = Pods_iChat.framework; sourceTree = BUILT_PRODUCTS_DIR; };
		4A0127C826B327DA00878C7E /* AuthService.swift */ = {isa = PBXFileReference; lastKnownFileType = sourcecode.swift; path = AuthService.swift; sourceTree = "<group>"; };
		4A1A7EBA26AF3860001C9973 /* GoogleService-Info.plist */ = {isa = PBXFileReference; fileEncoding = 4; lastKnownFileType = text.plist.xml; path = "GoogleService-Info.plist"; sourceTree = "<group>"; };
		4A2A8A9026CAEB75000351DA /* AuthViewController+AuthNavigationDelegate.swift */ = {isa = PBXFileReference; lastKnownFileType = sourcecode.swift; path = "AuthViewController+AuthNavigationDelegate.swift"; sourceTree = "<group>"; };
		4A2A8A9226CC4C68000351DA /* AuthNavigationDelegate.swift */ = {isa = PBXFileReference; lastKnownFileType = sourcecode.swift; path = AuthNavigationDelegate.swift; sourceTree = "<group>"; };
		4A2FE49B2698619D00BEECDF /* SetupProfileViewController.swift */ = {isa = PBXFileReference; lastKnownFileType = sourcecode.swift; path = SetupProfileViewController.swift; sourceTree = "<group>"; };
		4A2FE4A0269864D900BEECDF /* AddPhotoView.swift */ = {isa = PBXFileReference; lastKnownFileType = sourcecode.swift; path = AddPhotoView.swift; sourceTree = "<group>"; };
		4A403BCE26A0B4940076750B /* waitingChats.json */ = {isa = PBXFileReference; fileEncoding = 4; lastKnownFileType = text.json; path = waitingChats.json; sourceTree = "<group>"; };
		4A403BCF26A0B4940076750B /* activeChats.json */ = {isa = PBXFileReference; fileEncoding = 4; lastKnownFileType = text.json; path = activeChats.json; sourceTree = "<group>"; };
		4A403BD226A0B4EB0076750B /* Bundle.swift */ = {isa = PBXFileReference; lastKnownFileType = sourcecode.swift; path = Bundle.swift; sourceTree = "<group>"; };
		4A4F529726B7031600B6066E /* Validators.swift */ = {isa = PBXFileReference; lastKnownFileType = sourcecode.swift; path = Validators.swift; sourceTree = "<group>"; };
		4A4F529926B7065900B6066E /* AuthError.swift */ = {isa = PBXFileReference; lastKnownFileType = sourcecode.swift; path = AuthError.swift; sourceTree = "<group>"; };
		4A5D403026AB4527002B301D /* ProfileViewController.swift */ = {isa = PBXFileReference; lastKnownFileType = sourcecode.swift; path = ProfileViewController.swift; sourceTree = "<group>"; };
		4A5D403326AB460E002B301D /* ProfileView.swift */ = {isa = PBXFileReference; lastKnownFileType = sourcecode.swift; path = ProfileView.swift; sourceTree = "<group>"; };
		4A5EAA7A26A89193001E87AD /* users.json */ = {isa = PBXFileReference; fileEncoding = 4; lastKnownFileType = text.json; path = users.json; sourceTree = "<group>"; };
		4A5EAA7D26A8934C001E87AD /* MUser.swift */ = {isa = PBXFileReference; lastKnownFileType = sourcecode.swift; path = MUser.swift; sourceTree = "<group>"; };
		4A5EAA7F26A8957E001E87AD /* SectionPeopleViewController.swift */ = {isa = PBXFileReference; lastKnownFileType = sourcecode.swift; path = SectionPeopleViewController.swift; sourceTree = "<group>"; };
		4A5EAA8126A897F2001E87AD /* PeopleViewController+CompositionalLayout.swift */ = {isa = PBXFileReference; lastKnownFileType = sourcecode.swift; path = "PeopleViewController+CompositionalLayout.swift"; sourceTree = "<group>"; };
		4A5EAA8326A8997B001E87AD /* PeopleViewController+DataSource.swift */ = {isa = PBXFileReference; lastKnownFileType = sourcecode.swift; path = "PeopleViewController+DataSource.swift"; sourceTree = "<group>"; };
		4A5FFF1D26A33A8200E21861 /* ActiveChatCell.swift */ = {isa = PBXFileReference; lastKnownFileType = sourcecode.swift; path = ActiveChatCell.swift; sourceTree = "<group>"; };
		4A5FFF1F26A33B2000E21861 /* SelfConfiguringCellProtocol.swift */ = {isa = PBXFileReference; lastKnownFileType = sourcecode.swift; path = SelfConfiguringCellProtocol.swift; sourceTree = "<group>"; };
		4A5FFF2226A33CAE00E21861 /* ActiveChatCell+SelfConfiguringCell.swift */ = {isa = PBXFileReference; lastKnownFileType = sourcecode.swift; path = "ActiveChatCell+SelfConfiguringCell.swift"; sourceTree = "<group>"; };
		4A5FFF2426A3419900E21861 /* ListViewController+DataSource.swift */ = {isa = PBXFileReference; lastKnownFileType = sourcecode.swift; path = "ListViewController+DataSource.swift"; sourceTree = "<group>"; };
		4A5FFF2626A341F500E21861 /* ListViewController+CompositionalLayout.swift */ = {isa = PBXFileReference; lastKnownFileType = sourcecode.swift; path = "ListViewController+CompositionalLayout.swift"; sourceTree = "<group>"; };
		4A6FF40A2697364E00F74D5C /* LoginViewController.swift */ = {isa = PBXFileReference; lastKnownFileType = sourcecode.swift; path = LoginViewController.swift; sourceTree = "<group>"; };
		4A6FF40C2697396000F74D5C /* LoginView.swift */ = {isa = PBXFileReference; lastKnownFileType = sourcecode.swift; path = LoginView.swift; sourceTree = "<group>"; };
		4A98CDB4269EEAAA00313AAF /* UISegmentedControl.swift */ = {isa = PBXFileReference; lastKnownFileType = sourcecode.swift; path = UISegmentedControl.swift; sourceTree = "<group>"; };
		4A98CDB9269F30FB00313AAF /* MainTabBarViewController.swift */ = {isa = PBXFileReference; lastKnownFileType = sourcecode.swift; path = MainTabBarViewController.swift; sourceTree = "<group>"; };
		4A98CDBC269F32E400313AAF /* PeopleViewController.swift */ = {isa = PBXFileReference; lastKnownFileType = sourcecode.swift; path = PeopleViewController.swift; sourceTree = "<group>"; };
		4A98CDBF269F335800313AAF /* ListViewController.swift */ = {isa = PBXFileReference; lastKnownFileType = sourcecode.swift; path = ListViewController.swift; sourceTree = "<group>"; };
		4A98CDC1269F671800313AAF /* Identifiers.swift */ = {isa = PBXFileReference; lastKnownFileType = sourcecode.swift; name = Identifiers.swift; path = ../../../../../Teaching/Identifiers.swift; sourceTree = "<group>"; };
		4A98CDC5269F720000313AAF /* ListViewController+UISearchBarDelegate.swift */ = {isa = PBXFileReference; lastKnownFileType = sourcecode.swift; path = "ListViewController+UISearchBarDelegate.swift"; sourceTree = "<group>"; };
		4A98CDC7269F737900313AAF /* PeopleViewController+UISearchBarDelegate.swift */ = {isa = PBXFileReference; lastKnownFileType = sourcecode.swift; path = "PeopleViewController+UISearchBarDelegate.swift"; sourceTree = "<group>"; };
		4A98CDCB26A03E8300313AAF /* Section.swift */ = {isa = PBXFileReference; lastKnownFileType = sourcecode.swift; path = Section.swift; sourceTree = "<group>"; };
		4A98CDCE26A044E600313AAF /* MChat.swift */ = {isa = PBXFileReference; lastKnownFileType = sourcecode.swift; path = MChat.swift; sourceTree = "<group>"; };
		4AAA4DB126A49B5D00B9F5A9 /* GradientView.swift */ = {isa = PBXFileReference; lastKnownFileType = sourcecode.swift; path = GradientView.swift; sourceTree = "<group>"; };
		4AAA4DB426A49C9000B9F5A9 /* Point.swift */ = {isa = PBXFileReference; lastKnownFileType = sourcecode.swift; path = Point.swift; sourceTree = "<group>"; };
		4AAA4DB626A4A75800B9F5A9 /* WaitingChatCell.swift */ = {isa = PBXFileReference; lastKnownFileType = sourcecode.swift; path = WaitingChatCell.swift; sourceTree = "<group>"; };
		4AAA4DB926A4A7CC00B9F5A9 /* WaitingChatCell+SelfConfiguringCell.swift */ = {isa = PBXFileReference; lastKnownFileType = sourcecode.swift; path = "WaitingChatCell+SelfConfiguringCell.swift"; sourceTree = "<group>"; };
		4AB760F526A9F1B3009D24C2 /* UserCell.swift */ = {isa = PBXFileReference; lastKnownFileType = sourcecode.swift; path = UserCell.swift; sourceTree = "<group>"; };
		4AB760F726A9F203009D24C2 /* UserCell+SelfConfiguringCell.swift */ = {isa = PBXFileReference; lastKnownFileType = sourcecode.swift; path = "UserCell+SelfConfiguringCell.swift"; sourceTree = "<group>"; };
		4AB760F926A9F462009D24C2 /* UIViewController.swift */ = {isa = PBXFileReference; lastKnownFileType = sourcecode.swift; path = UIViewController.swift; sourceTree = "<group>"; };
		4ABAB2AA26A7427D00C1336A /* SectionHeader.swift */ = {isa = PBXFileReference; lastKnownFileType = sourcecode.swift; path = SectionHeader.swift; sourceTree = "<group>"; };
		4ABB59EF26961C4700A4AC83 /* SignUpViewController.swift */ = {isa = PBXFileReference; lastKnownFileType = sourcecode.swift; path = SignUpViewController.swift; sourceTree = "<group>"; };
		4ABB59F426961EBB00A4AC83 /* SignUpView.swift */ = {isa = PBXFileReference; lastKnownFileType = sourcecode.swift; path = SignUpView.swift; sourceTree = "<group>"; };
		4ABB59F62696218600A4AC83 /* OneLineTextField .swift */ = {isa = PBXFileReference; lastKnownFileType = sourcecode.swift; path = "OneLineTextField .swift"; sourceTree = "<group>"; };
		4AE0BCC326ADD253006736D0 /* InsertableTextField .swift */ = {isa = PBXFileReference; lastKnownFileType = sourcecode.swift; path = "InsertableTextField .swift"; sourceTree = "<group>"; };
		4AE0BCC626ADD655006736D0 /* UIView.swift */ = {isa = PBXFileReference; lastKnownFileType = sourcecode.swift; path = UIView.swift; sourceTree = "<group>"; };
		4AE0BCC926ADDD3B006736D0 /* ChatRequestViewController.swift */ = {isa = PBXFileReference; lastKnownFileType = sourcecode.swift; path = ChatRequestViewController.swift; sourceTree = "<group>"; };
		4AE0BCCC26ADDFF6006736D0 /* ChatRequestView.swift */ = {isa = PBXFileReference; lastKnownFileType = sourcecode.swift; path = ChatRequestView.swift; sourceTree = "<group>"; };
		4AE6337726936AF100294C83 /* iChat.app */ = {isa = PBXFileReference; explicitFileType = wrapper.application; includeInIndex = 0; path = iChat.app; sourceTree = BUILT_PRODUCTS_DIR; };
		4AE6337A26936AF100294C83 /* AppDelegate.swift */ = {isa = PBXFileReference; lastKnownFileType = sourcecode.swift; path = AppDelegate.swift; sourceTree = "<group>"; };
		4AE6337C26936AF100294C83 /* SceneDelegate.swift */ = {isa = PBXFileReference; lastKnownFileType = sourcecode.swift; path = SceneDelegate.swift; sourceTree = "<group>"; };
		4AE6337E26936AF100294C83 /* AuthViewController.swift */ = {isa = PBXFileReference; lastKnownFileType = sourcecode.swift; path = AuthViewController.swift; sourceTree = "<group>"; };
		4AE6338326936AFB00294C83 /* Assets.xcassets */ = {isa = PBXFileReference; lastKnownFileType = folder.assetcatalog; path = Assets.xcassets; sourceTree = "<group>"; };
		4AE6338626936AFB00294C83 /* Base */ = {isa = PBXFileReference; lastKnownFileType = file.storyboard; name = Base; path = Base.lproj/LaunchScreen.storyboard; sourceTree = "<group>"; };
		4AE6338826936AFB00294C83 /* Info.plist */ = {isa = PBXFileReference; lastKnownFileType = text.plist.xml; path = Info.plist; sourceTree = "<group>"; };
		4AE6339826937D6700294C83 /* UIButton.swift */ = {isa = PBXFileReference; lastKnownFileType = sourcecode.swift; path = UIButton.swift; sourceTree = "<group>"; };
		4AE633A026937E8800294C83 /* AuthView.swift */ = {isa = PBXFileReference; lastKnownFileType = sourcecode.swift; path = AuthView.swift; sourceTree = "<group>"; };
		4AE633A4269381E500294C83 /* UIFont.swift */ = {isa = PBXFileReference; lastKnownFileType = sourcecode.swift; path = UIFont.swift; sourceTree = "<group>"; };
		4AE633A72693835500294C83 /* UIColor.swift */ = {isa = PBXFileReference; lastKnownFileType = sourcecode.swift; path = UIColor.swift; sourceTree = "<group>"; };
		4AE633AB2693872F00294C83 /* UILabel.swift */ = {isa = PBXFileReference; lastKnownFileType = sourcecode.swift; path = UILabel.swift; sourceTree = "<group>"; };
		4AE633AE269389AE00294C83 /* UIImageView.swift */ = {isa = PBXFileReference; lastKnownFileType = sourcecode.swift; path = UIImageView.swift; sourceTree = "<group>"; };
		4AE633B72693AD2400294C83 /* ButtonFormView.swift */ = {isa = PBXFileReference; lastKnownFileType = sourcecode.swift; path = ButtonFormView.swift; sourceTree = "<group>"; };
		4AE633BA2693B9EF00294C83 /* UIStackView.swift */ = {isa = PBXFileReference; lastKnownFileType = sourcecode.swift; path = UIStackView.swift; sourceTree = "<group>"; };
		55BFE4879CACDEE32893103D /* Pods-iChat.debug.xcconfig */ = {isa = PBXFileReference; includeInIndex = 1; lastKnownFileType = text.xcconfig; name = "Pods-iChat.debug.xcconfig"; path = "Target Support Files/Pods-iChat/Pods-iChat.debug.xcconfig"; sourceTree = "<group>"; };
/* End PBXFileReference section */

/* Begin PBXFrameworksBuildPhase section */
		4AE6337426936AF100294C83 /* Frameworks */ = {
			isa = PBXFrameworksBuildPhase;
			buildActionMask = 2147483647;
			files = (
				DB229102B75A606604454476 /* Pods_iChat.framework in Frameworks */,
			);
			runOnlyForDeploymentPostprocessing = 0;
		};
/* End PBXFrameworksBuildPhase section */

/* Begin PBXGroup section */
		0BC6C0077C255ECE7E09E7F0 /* Frameworks */ = {
			isa = PBXGroup;
			children = (
				3FD3BAFD796E197A08C35D0E /* Pods_iChat.framework */,
			);
			name = Frameworks;
			sourceTree = "<group>";
		};
		4A0127C626B327AD00878C7E /* Services */ = {
			isa = PBXGroup;
			children = (
				4A4F529B26B728FA00B6066E /* Helpers */,
				4A98CDCD26A044D400313AAF /* Models */,
				4A0127C826B327DA00878C7E /* AuthService.swift */,
			);
			path = Services;
			sourceTree = "<group>";
		};
		4A2FE49A2698615C00BEECDF /* SetupProfileViewController */ = {
			isa = PBXGroup;
			children = (
				4A2FE49D2698647C00BEECDF /* View */,
				4A2FE49B2698619D00BEECDF /* SetupProfileViewController.swift */,
			);
			path = SetupProfileViewController;
			sourceTree = "<group>";
		};
		4A2FE49D2698647C00BEECDF /* View */ = {
			isa = PBXGroup;
			children = (
				4A2FE4A0269864D900BEECDF /* AddPhotoView.swift */,
			);
			path = View;
			sourceTree = "<group>";
		};
		4A4F529B26B728FA00B6066E /* Helpers */ = {
			isa = PBXGroup;
			children = (
				4A4F529926B7065900B6066E /* AuthError.swift */,
				4A4F529726B7031600B6066E /* Validators.swift */,
			);
			path = Helpers;
			sourceTree = "<group>";
		};
		4A5D402F26AB450F002B301D /* ProfileViewController */ = {
			isa = PBXGroup;
			children = (
				4AE0BCC526ADD282006736D0 /* TextField */,
				4A5D403226AB45B6002B301D /* View */,
				4A5D403026AB4527002B301D /* ProfileViewController.swift */,
			);
			path = ProfileViewController;
			sourceTree = "<group>";
		};
		4A5D403226AB45B6002B301D /* View */ = {
			isa = PBXGroup;
			children = (
				4A5D403326AB460E002B301D /* ProfileView.swift */,
			);
			path = View;
			sourceTree = "<group>";
		};
		4A5EAA7C26A89205001E87AD /* Header */ = {
			isa = PBXGroup;
			children = (
				4ABAB2AA26A7427D00C1336A /* SectionHeader.swift */,
			);
			path = Header;
			sourceTree = "<group>";
		};
		4A5FFF1C26A33A6200E21861 /* Cell */ = {
			isa = PBXGroup;
			children = (
				4A5FFF1F26A33B2000E21861 /* SelfConfiguringCellProtocol.swift */,
				4AB760F426A9F19F009D24C2 /* UserCell */,
				4AAA4DB826A4A79900B9F5A9 /* WaitingCell */,
				4A5FFF2126A33C8600E21861 /* ActiveChatCell */,
			);
			path = Cell;
			sourceTree = "<group>";
		};
		4A5FFF2126A33C8600E21861 /* ActiveChatCell */ = {
			isa = PBXGroup;
			children = (
				4A5FFF1D26A33A8200E21861 /* ActiveChatCell.swift */,
				4A5FFF2226A33CAE00E21861 /* ActiveChatCell+SelfConfiguringCell.swift */,
			);
			path = ActiveChatCell;
			sourceTree = "<group>";
		};
		4A6FF4092697362300F74D5C /* LoginViewController */ = {
			isa = PBXGroup;
			children = (
				4A6FF40E2697397B00F74D5C /* View */,
				4A6FF40A2697364E00F74D5C /* LoginViewController.swift */,
				4A2A8A9226CC4C68000351DA /* AuthNavigationDelegate.swift */,
			);
			path = LoginViewController;
			sourceTree = "<group>";
		};
		4A6FF40E2697397B00F74D5C /* View */ = {
			isa = PBXGroup;
			children = (
				4A6FF40C2697396000F74D5C /* LoginView.swift */,
			);
			path = View;
			sourceTree = "<group>";
		};
		4A98CDB6269F302C00313AAF /* MainTabBarController */ = {
			isa = PBXGroup;
			children = (
				4A98CDB9269F30FB00313AAF /* MainTabBarViewController.swift */,
			);
			path = MainTabBarController;
			sourceTree = "<group>";
		};
		4A98CDB8269F309000313AAF /* SignIn&Auth */ = {
			isa = PBXGroup;
			children = (
				4A2FE49A2698615C00BEECDF /* SetupProfileViewController */,
				4A6FF4092697362300F74D5C /* LoginViewController */,
				4ABB59F126961E1D00A4AC83 /* AuthViewController */,
				4ABB59F226961E6600A4AC83 /* SignUpViewController */,
			);
			path = "SignIn&Auth";
			sourceTree = "<group>";
		};
		4A98CDBB269F32BD00313AAF /* PeopleViewController */ = {
			isa = PBXGroup;
			children = (
				4A98CDBC269F32E400313AAF /* PeopleViewController.swift */,
				4A5EAA8126A897F2001E87AD /* PeopleViewController+CompositionalLayout.swift */,
				4A5EAA8326A8997B001E87AD /* PeopleViewController+DataSource.swift */,
				4A98CDC7269F737900313AAF /* PeopleViewController+UISearchBarDelegate.swift */,
			);
			path = PeopleViewController;
			sourceTree = "<group>";
		};
		4A98CDBE269F334400313AAF /* ListViewController */ = {
			isa = PBXGroup;
			children = (
				4A5EAA7C26A89205001E87AD /* Header */,
				4AAA4DB326A49BAD00B9F5A9 /* View */,
				4A98CDBF269F335800313AAF /* ListViewController.swift */,
				4A5FFF2626A341F500E21861 /* ListViewController+CompositionalLayout.swift */,
				4A5FFF2426A3419900E21861 /* ListViewController+DataSource.swift */,
				4A98CDC5269F720000313AAF /* ListViewController+UISearchBarDelegate.swift */,
			);
			path = ListViewController;
			sourceTree = "<group>";
		};
		4A98CDCD26A044D400313AAF /* Models */ = {
			isa = PBXGroup;
			children = (
				4A98CDCE26A044E600313AAF /* MChat.swift */,
				4A5EAA7D26A8934C001E87AD /* MUser.swift */,
			);
			path = Models;
			sourceTree = "<group>";
		};
		4AAA4DB326A49BAD00B9F5A9 /* View */ = {
			isa = PBXGroup;
			children = (
				4AAA4DB126A49B5D00B9F5A9 /* GradientView.swift */,
			);
			path = View;
			sourceTree = "<group>";
		};
		4AAA4DB826A4A79900B9F5A9 /* WaitingCell */ = {
			isa = PBXGroup;
			children = (
				4AAA4DB626A4A75800B9F5A9 /* WaitingChatCell.swift */,
				4AAA4DB926A4A7CC00B9F5A9 /* WaitingChatCell+SelfConfiguringCell.swift */,
			);
			path = WaitingCell;
			sourceTree = "<group>";
		};
		4AB760F426A9F19F009D24C2 /* UserCell */ = {
			isa = PBXGroup;
			children = (
				4AB760F526A9F1B3009D24C2 /* UserCell.swift */,
				4AB760F726A9F203009D24C2 /* UserCell+SelfConfiguringCell.swift */,
			);
			path = UserCell;
			sourceTree = "<group>";
		};
		4ABB59F126961E1D00A4AC83 /* AuthViewController */ = {
			isa = PBXGroup;
			children = (
				4AE6339E26937E1E00294C83 /* View */,
				4AE6337E26936AF100294C83 /* AuthViewController.swift */,
				4A2A8A9026CAEB75000351DA /* AuthViewController+AuthNavigationDelegate.swift */,
			);
			path = AuthViewController;
			sourceTree = "<group>";
		};
		4ABB59F226961E6600A4AC83 /* SignUpViewController */ = {
			isa = PBXGroup;
			children = (
				4ABB59F326961E9400A4AC83 /* View */,
				4ABB59EF26961C4700A4AC83 /* SignUpViewController.swift */,
			);
			path = SignUpViewController;
			sourceTree = "<group>";
		};
		4ABB59F326961E9400A4AC83 /* View */ = {
			isa = PBXGroup;
			children = (
				4ABB59F426961EBB00A4AC83 /* SignUpView.swift */,
				4ABB59F62696218600A4AC83 /* OneLineTextField .swift */,
			);
			path = View;
			sourceTree = "<group>";
		};
		4AE0BCC526ADD282006736D0 /* TextField */ = {
			isa = PBXGroup;
			children = (
				4AE0BCC326ADD253006736D0 /* InsertableTextField .swift */,
			);
			path = TextField;
			sourceTree = "<group>";
		};
		4AE0BCC826ADDD19006736D0 /* ChatRequestViewController */ = {
			isa = PBXGroup;
			children = (
				4AE0BCCB26ADDFE0006736D0 /* View */,
				4AE0BCC926ADDD3B006736D0 /* ChatRequestViewController.swift */,
			);
			path = ChatRequestViewController;
			sourceTree = "<group>";
		};
		4AE0BCCB26ADDFE0006736D0 /* View */ = {
			isa = PBXGroup;
			children = (
				4AE0BCCC26ADDFF6006736D0 /* ChatRequestView.swift */,
			);
			path = View;
			sourceTree = "<group>";
		};
		4AE6336E26936AF100294C83 = {
			isa = PBXGroup;
			children = (
				4AE6337926936AF100294C83 /* iChat */,
				4AE6337826936AF100294C83 /* Products */,
				B973C906700C28C94AA5F69D /* Pods */,
				0BC6C0077C255ECE7E09E7F0 /* Frameworks */,
			);
			sourceTree = "<group>";
		};
		4AE6337826936AF100294C83 /* Products */ = {
			isa = PBXGroup;
			children = (
				4AE6337726936AF100294C83 /* iChat.app */,
			);
			name = Products;
			sourceTree = "<group>";
		};
		4AE6337926936AF100294C83 /* iChat */ = {
			isa = PBXGroup;
			children = (
				4AE63390269372EF00294C83 /* SupportingFiles */,
				4A0127C626B327AD00878C7E /* Services */,
				4AE6339B26937D6F00294C83 /* Extensions */,
				4AE633932693732200294C83 /* Controllers */,
				4AE633912693730800294C83 /* Resources */,
				4AE633922693731700294C83 /* Storyboard */,
			);
			path = iChat;
			sourceTree = "<group>";
		};
		4AE63390269372EF00294C83 /* SupportingFiles */ = {
			isa = PBXGroup;
			children = (
				4AE6337A26936AF100294C83 /* AppDelegate.swift */,
				4AE6337C26936AF100294C83 /* SceneDelegate.swift */,
			);
			path = SupportingFiles;
			sourceTree = "<group>";
		};
		4AE633912693730800294C83 /* Resources */ = {
			isa = PBXGroup;
			children = (
				4AE6338326936AFB00294C83 /* Assets.xcassets */,
				4A403BCF26A0B4940076750B /* activeChats.json */,
				4A403BCE26A0B4940076750B /* waitingChats.json */,
				4A5EAA7A26A89193001E87AD /* users.json */,
				4AE6338826936AFB00294C83 /* Info.plist */,
				4A1A7EBA26AF3860001C9973 /* GoogleService-Info.plist */,
				4A98CDC1269F671800313AAF /* Identifiers.swift */,
				4A98CDCB26A03E8300313AAF /* Section.swift */,
				4A5EAA7F26A8957E001E87AD /* SectionPeopleViewController.swift */,
				4AAA4DB426A49C9000B9F5A9 /* Point.swift */,
			);
			path = Resources;
			sourceTree = "<group>";
		};
		4AE633922693731700294C83 /* Storyboard */ = {
			isa = PBXGroup;
			children = (
				4AE6338526936AFB00294C83 /* LaunchScreen.storyboard */,
			);
			path = Storyboard;
			sourceTree = "<group>";
		};
		4AE633932693732200294C83 /* Controllers */ = {
			isa = PBXGroup;
			children = (
				4A5FFF1C26A33A6200E21861 /* Cell */,
				4AE0BCC826ADDD19006736D0 /* ChatRequestViewController */,
				4A5D402F26AB450F002B301D /* ProfileViewController */,
				4A98CDBE269F334400313AAF /* ListViewController */,
				4A98CDBB269F32BD00313AAF /* PeopleViewController */,
				4A98CDB6269F302C00313AAF /* MainTabBarController */,
				4A98CDB8269F309000313AAF /* SignIn&Auth */,
			);
			path = Controllers;
			sourceTree = "<group>";
		};
		4AE6339B26937D6F00294C83 /* Extensions */ = {
			isa = PBXGroup;
			children = (
				4AE6339826937D6700294C83 /* UIButton.swift */,
				4AE633A4269381E500294C83 /* UIFont.swift */,
				4AE633A72693835500294C83 /* UIColor.swift */,
				4AE633AB2693872F00294C83 /* UILabel.swift */,
				4AE633AE269389AE00294C83 /* UIImageView.swift */,
				4AE633BA2693B9EF00294C83 /* UIStackView.swift */,
				4A98CDB4269EEAAA00313AAF /* UISegmentedControl.swift */,
				4A403BD226A0B4EB0076750B /* Bundle.swift */,
				4AB760F926A9F462009D24C2 /* UIViewController.swift */,
				4AE0BCC626ADD655006736D0 /* UIView.swift */,
			);
			path = Extensions;
			sourceTree = "<group>";
		};
		4AE6339E26937E1E00294C83 /* View */ = {
			isa = PBXGroup;
			children = (
				4AE633A026937E8800294C83 /* AuthView.swift */,
				4AE633B72693AD2400294C83 /* ButtonFormView.swift */,
			);
			path = View;
			sourceTree = "<group>";
		};
		B973C906700C28C94AA5F69D /* Pods */ = {
			isa = PBXGroup;
			children = (
				55BFE4879CACDEE32893103D /* Pods-iChat.debug.xcconfig */,
				0AC313E2060BFA26D08194FC /* Pods-iChat.release.xcconfig */,
			);
			path = Pods;
			sourceTree = "<group>";
		};
/* End PBXGroup section */

/* Begin PBXNativeTarget section */
		4AE6337626936AF100294C83 /* iChat */ = {
			isa = PBXNativeTarget;
			buildConfigurationList = 4AE6338B26936AFB00294C83 /* Build configuration list for PBXNativeTarget "iChat" */;
			buildPhases = (
				D99B27831A36C472F069A6AC /* [CP] Check Pods Manifest.lock */,
				4AE6337326936AF100294C83 /* Sources */,
				4AE6337426936AF100294C83 /* Frameworks */,
				4AE6337526936AF100294C83 /* Resources */,
				A05D2EAE5B576528272B23B3 /* [CP] Embed Pods Frameworks */,
			);
			buildRules = (
			);
			dependencies = (
			);
			name = iChat;
			productName = iChat;
			productReference = 4AE6337726936AF100294C83 /* iChat.app */;
			productType = "com.apple.product-type.application";
		};
/* End PBXNativeTarget section */

/* Begin PBXProject section */
		4AE6336F26936AF100294C83 /* Project object */ = {
			isa = PBXProject;
			attributes = {
				LastSwiftUpdateCheck = 1240;
				LastUpgradeCheck = 1240;
				TargetAttributes = {
					4AE6337626936AF100294C83 = {
						CreatedOnToolsVersion = 12.4;
					};
				};
			};
			buildConfigurationList = 4AE6337226936AF100294C83 /* Build configuration list for PBXProject "iChat" */;
			compatibilityVersion = "Xcode 9.3";
			developmentRegion = en;
			hasScannedForEncodings = 0;
			knownRegions = (
				en,
				Base,
			);
			mainGroup = 4AE6336E26936AF100294C83;
			productRefGroup = 4AE6337826936AF100294C83 /* Products */;
			projectDirPath = "";
			projectRoot = "";
			targets = (
				4AE6337626936AF100294C83 /* iChat */,
			);
		};
/* End PBXProject section */

/* Begin PBXResourcesBuildPhase section */
		4AE6337526936AF100294C83 /* Resources */ = {
			isa = PBXResourcesBuildPhase;
			buildActionMask = 2147483647;
			files = (
				4A5EAA7B26A89193001E87AD /* users.json in Resources */,
				4A403BD026A0B4940076750B /* waitingChats.json in Resources */,
				4AE6338726936AFB00294C83 /* LaunchScreen.storyboard in Resources */,
				4AE6338426936AFB00294C83 /* Assets.xcassets in Resources */,
				4A403BD126A0B4940076750B /* activeChats.json in Resources */,
				4A1A7EBB26AF3860001C9973 /* GoogleService-Info.plist in Resources */,
			);
			runOnlyForDeploymentPostprocessing = 0;
		};
/* End PBXResourcesBuildPhase section */

/* Begin PBXShellScriptBuildPhase section */
		A05D2EAE5B576528272B23B3 /* [CP] Embed Pods Frameworks */ = {
			isa = PBXShellScriptBuildPhase;
			buildActionMask = 2147483647;
			files = (
			);
			inputFileListPaths = (
				"${PODS_ROOT}/Target Support Files/Pods-iChat/Pods-iChat-frameworks-${CONFIGURATION}-input-files.xcfilelist",
			);
			name = "[CP] Embed Pods Frameworks";
			outputFileListPaths = (
				"${PODS_ROOT}/Target Support Files/Pods-iChat/Pods-iChat-frameworks-${CONFIGURATION}-output-files.xcfilelist",
			);
			runOnlyForDeploymentPostprocessing = 0;
			shellPath = /bin/sh;
			shellScript = "\"${PODS_ROOT}/Target Support Files/Pods-iChat/Pods-iChat-frameworks.sh\"\n";
			showEnvVarsInLog = 0;
		};
		D99B27831A36C472F069A6AC /* [CP] Check Pods Manifest.lock */ = {
			isa = PBXShellScriptBuildPhase;
			buildActionMask = 2147483647;
			files = (
			);
			inputFileListPaths = (
			);
			inputPaths = (
				"${PODS_PODFILE_DIR_PATH}/Podfile.lock",
				"${PODS_ROOT}/Manifest.lock",
			);
			name = "[CP] Check Pods Manifest.lock";
			outputFileListPaths = (
			);
			outputPaths = (
				"$(DERIVED_FILE_DIR)/Pods-iChat-checkManifestLockResult.txt",
			);
			runOnlyForDeploymentPostprocessing = 0;
			shellPath = /bin/sh;
			shellScript = "diff \"${PODS_PODFILE_DIR_PATH}/Podfile.lock\" \"${PODS_ROOT}/Manifest.lock\" > /dev/null\nif [ $? != 0 ] ; then\n    # print error to STDERR\n    echo \"error: The sandbox is not in sync with the Podfile.lock. Run 'pod install' or update your CocoaPods installation.\" >&2\n    exit 1\nfi\n# This output is used by Xcode 'outputs' to avoid re-running this script phase.\necho \"SUCCESS\" > \"${SCRIPT_OUTPUT_FILE_0}\"\n";
			showEnvVarsInLog = 0;
		};
/* End PBXShellScriptBuildPhase section */

/* Begin PBXSourcesBuildPhase section */
		4AE6337326936AF100294C83 /* Sources */ = {
			isa = PBXSourcesBuildPhase;
			buildActionMask = 2147483647;
			files = (
				4A98CDCF26A044E600313AAF /* MChat.swift in Sources */,
				4A403BD326A0B4EB0076750B /* Bundle.swift in Sources */,
				4AE6337F26936AF100294C83 /* AuthViewController.swift in Sources */,
				4AE0BCC726ADD655006736D0 /* UIView.swift in Sources */,
				4AE633BB2693B9EF00294C83 /* UIStackView.swift in Sources */,
				4AE633AF269389AE00294C83 /* UIImageView.swift in Sources */,
				4A6FF40B2697364E00F74D5C /* LoginViewController.swift in Sources */,
				4A5FFF1E26A33A8200E21861 /* ActiveChatCell.swift in Sources */,
				4AAA4DB726A4A75800B9F5A9 /* WaitingChatCell.swift in Sources */,
				4A5FFF2526A3419900E21861 /* ListViewController+DataSource.swift in Sources */,
				4AAA4DBA26A4A7CC00B9F5A9 /* WaitingChatCell+SelfConfiguringCell.swift in Sources */,
				4AE633A82693835500294C83 /* UIColor.swift in Sources */,
				4A98CDBA269F30FB00313AAF /* MainTabBarViewController.swift in Sources */,
				4AE633A126937E8800294C83 /* AuthView.swift in Sources */,
				4AAA4DB526A49C9000B9F5A9 /* Point.swift in Sources */,
				4AB760F626A9F1B3009D24C2 /* UserCell.swift in Sources */,
				4A98CDCC26A03E8300313AAF /* Section.swift in Sources */,
				4AE633A5269381E500294C83 /* UIFont.swift in Sources */,
				4A4F529826B7031600B6066E /* Validators.swift in Sources */,
				4A98CDBD269F32E400313AAF /* PeopleViewController.swift in Sources */,
				4A2A8A9126CAEB75000351DA /* AuthViewController+AuthNavigationDelegate.swift in Sources */,
				4A0127C926B327DA00878C7E /* AuthService.swift in Sources */,
				4A5FFF2726A341F500E21861 /* ListViewController+CompositionalLayout.swift in Sources */,
				4A5EAA8226A897F2001E87AD /* PeopleViewController+CompositionalLayout.swift in Sources */,
				4A2FE49C2698619D00BEECDF /* SetupProfileViewController.swift in Sources */,
				4A5EAA7E26A8934C001E87AD /* MUser.swift in Sources */,
				4ABB59F026961C4700A4AC83 /* SignUpViewController.swift in Sources */,
				4AE0BCC426ADD253006736D0 /* InsertableTextField .swift in Sources */,
				4A5FFF2326A33CAE00E21861 /* ActiveChatCell+SelfConfiguringCell.swift in Sources */,
				4AE0BCCD26ADDFF6006736D0 /* ChatRequestView.swift in Sources */,
				4A2FE4A1269864D900BEECDF /* AddPhotoView.swift in Sources */,
				4A5EAA8026A8957E001E87AD /* SectionPeopleViewController.swift in Sources */,
				4AE6337B26936AF100294C83 /* AppDelegate.swift in Sources */,
				4A5D403426AB460E002B301D /* ProfileView.swift in Sources */,
				4A5FFF2026A33B2000E21861 /* SelfConfiguringCellProtocol.swift in Sources */,
				4ABB59F526961EBB00A4AC83 /* SignUpView.swift in Sources */,
				4AB760FA26A9F462009D24C2 /* UIViewController.swift in Sources */,
				4A98CDC8269F737900313AAF /* PeopleViewController+UISearchBarDelegate.swift in Sources */,
				4A2A8A9326CC4C69000351DA /* AuthNavigationDelegate.swift in Sources */,
				4ABAB2AB26A7427D00C1336A /* SectionHeader.swift in Sources */,
				4A5EAA8426A8997B001E87AD /* PeopleViewController+DataSource.swift in Sources */,
				4AE633B82693AD2400294C83 /* ButtonFormView.swift in Sources */,
				4AE6337D26936AF100294C83 /* SceneDelegate.swift in Sources */,
				4A98CDC0269F335800313AAF /* ListViewController.swift in Sources */,
				4A4F529A26B7065900B6066E /* AuthError.swift in Sources */,
				4AE633AC2693872F00294C83 /* UILabel.swift in Sources */,
				4AE0BCCA26ADDD3B006736D0 /* ChatRequestViewController.swift in Sources */,
				4AE6339926937D6700294C83 /* UIButton.swift in Sources */,
				4A5D403126AB4527002B301D /* ProfileViewController.swift in Sources */,
				4A6FF40D2697396000F74D5C /* LoginView.swift in Sources */,
				4A98CDC6269F720000313AAF /* ListViewController+UISearchBarDelegate.swift in Sources */,
				4AAA4DB226A49B5D00B9F5A9 /* GradientView.swift in Sources */,
				4A98CDB5269EEAAA00313AAF /* UISegmentedControl.swift in Sources */,
				4A98CDC2269F671800313AAF /* Identifiers.swift in Sources */,
				4AB760F826A9F203009D24C2 /* UserCell+SelfConfiguringCell.swift in Sources */,
				4ABB59F72696218600A4AC83 /* OneLineTextField .swift in Sources */,
			);
			runOnlyForDeploymentPostprocessing = 0;
		};
/* End PBXSourcesBuildPhase section */

/* Begin PBXVariantGroup section */
		4AE6338526936AFB00294C83 /* LaunchScreen.storyboard */ = {
			isa = PBXVariantGroup;
			children = (
				4AE6338626936AFB00294C83 /* Base */,
			);
			name = LaunchScreen.storyboard;
			sourceTree = "<group>";
		};
/* End PBXVariantGroup section */

/* Begin XCBuildConfiguration section */
		4AE6338926936AFB00294C83 /* Debug */ = {
			isa = XCBuildConfiguration;
			buildSettings = {
				ALWAYS_SEARCH_USER_PATHS = NO;
				CLANG_ANALYZER_NONNULL = YES;
				CLANG_ANALYZER_NUMBER_OBJECT_CONVERSION = YES_AGGRESSIVE;
				CLANG_CXX_LANGUAGE_STANDARD = "gnu++14";
				CLANG_CXX_LIBRARY = "libc++";
				CLANG_ENABLE_MODULES = YES;
				CLANG_ENABLE_OBJC_ARC = YES;
				CLANG_ENABLE_OBJC_WEAK = YES;
				CLANG_WARN_BLOCK_CAPTURE_AUTORELEASING = YES;
				CLANG_WARN_BOOL_CONVERSION = YES;
				CLANG_WARN_COMMA = YES;
				CLANG_WARN_CONSTANT_CONVERSION = YES;
				CLANG_WARN_DEPRECATED_OBJC_IMPLEMENTATIONS = YES;
				CLANG_WARN_DIRECT_OBJC_ISA_USAGE = YES_ERROR;
				CLANG_WARN_DOCUMENTATION_COMMENTS = YES;
				CLANG_WARN_EMPTY_BODY = YES;
				CLANG_WARN_ENUM_CONVERSION = YES;
				CLANG_WARN_INFINITE_RECURSION = YES;
				CLANG_WARN_INT_CONVERSION = YES;
				CLANG_WARN_NON_LITERAL_NULL_CONVERSION = YES;
				CLANG_WARN_OBJC_IMPLICIT_RETAIN_SELF = YES;
				CLANG_WARN_OBJC_LITERAL_CONVERSION = YES;
				CLANG_WARN_OBJC_ROOT_CLASS = YES_ERROR;
				CLANG_WARN_QUOTED_INCLUDE_IN_FRAMEWORK_HEADER = YES;
				CLANG_WARN_RANGE_LOOP_ANALYSIS = YES;
				CLANG_WARN_STRICT_PROTOTYPES = YES;
				CLANG_WARN_SUSPICIOUS_MOVE = YES;
				CLANG_WARN_UNGUARDED_AVAILABILITY = YES_AGGRESSIVE;
				CLANG_WARN_UNREACHABLE_CODE = YES;
				CLANG_WARN__DUPLICATE_METHOD_MATCH = YES;
				COPY_PHASE_STRIP = NO;
				DEBUG_INFORMATION_FORMAT = dwarf;
				ENABLE_STRICT_OBJC_MSGSEND = YES;
				ENABLE_TESTABILITY = YES;
				GCC_C_LANGUAGE_STANDARD = gnu11;
				GCC_DYNAMIC_NO_PIC = NO;
				GCC_NO_COMMON_BLOCKS = YES;
				GCC_OPTIMIZATION_LEVEL = 0;
				GCC_PREPROCESSOR_DEFINITIONS = (
					"DEBUG=1",
					"$(inherited)",
				);
				GCC_WARN_64_TO_32_BIT_CONVERSION = YES;
				GCC_WARN_ABOUT_RETURN_TYPE = YES_ERROR;
				GCC_WARN_UNDECLARED_SELECTOR = YES;
				GCC_WARN_UNINITIALIZED_AUTOS = YES_AGGRESSIVE;
				GCC_WARN_UNUSED_FUNCTION = YES;
				GCC_WARN_UNUSED_VARIABLE = YES;
				IPHONEOS_DEPLOYMENT_TARGET = 14.4;
				MTL_ENABLE_DEBUG_INFO = INCLUDE_SOURCE;
				MTL_FAST_MATH = YES;
				ONLY_ACTIVE_ARCH = YES;
				SDKROOT = iphoneos;
				SWIFT_ACTIVE_COMPILATION_CONDITIONS = DEBUG;
				SWIFT_OPTIMIZATION_LEVEL = "-Onone";
			};
			name = Debug;
		};
		4AE6338A26936AFB00294C83 /* Release */ = {
			isa = XCBuildConfiguration;
			buildSettings = {
				ALWAYS_SEARCH_USER_PATHS = NO;
				CLANG_ANALYZER_NONNULL = YES;
				CLANG_ANALYZER_NUMBER_OBJECT_CONVERSION = YES_AGGRESSIVE;
				CLANG_CXX_LANGUAGE_STANDARD = "gnu++14";
				CLANG_CXX_LIBRARY = "libc++";
				CLANG_ENABLE_MODULES = YES;
				CLANG_ENABLE_OBJC_ARC = YES;
				CLANG_ENABLE_OBJC_WEAK = YES;
				CLANG_WARN_BLOCK_CAPTURE_AUTORELEASING = YES;
				CLANG_WARN_BOOL_CONVERSION = YES;
				CLANG_WARN_COMMA = YES;
				CLANG_WARN_CONSTANT_CONVERSION = YES;
				CLANG_WARN_DEPRECATED_OBJC_IMPLEMENTATIONS = YES;
				CLANG_WARN_DIRECT_OBJC_ISA_USAGE = YES_ERROR;
				CLANG_WARN_DOCUMENTATION_COMMENTS = YES;
				CLANG_WARN_EMPTY_BODY = YES;
				CLANG_WARN_ENUM_CONVERSION = YES;
				CLANG_WARN_INFINITE_RECURSION = YES;
				CLANG_WARN_INT_CONVERSION = YES;
				CLANG_WARN_NON_LITERAL_NULL_CONVERSION = YES;
				CLANG_WARN_OBJC_IMPLICIT_RETAIN_SELF = YES;
				CLANG_WARN_OBJC_LITERAL_CONVERSION = YES;
				CLANG_WARN_OBJC_ROOT_CLASS = YES_ERROR;
				CLANG_WARN_QUOTED_INCLUDE_IN_FRAMEWORK_HEADER = YES;
				CLANG_WARN_RANGE_LOOP_ANALYSIS = YES;
				CLANG_WARN_STRICT_PROTOTYPES = YES;
				CLANG_WARN_SUSPICIOUS_MOVE = YES;
				CLANG_WARN_UNGUARDED_AVAILABILITY = YES_AGGRESSIVE;
				CLANG_WARN_UNREACHABLE_CODE = YES;
				CLANG_WARN__DUPLICATE_METHOD_MATCH = YES;
				COPY_PHASE_STRIP = NO;
				DEBUG_INFORMATION_FORMAT = "dwarf-with-dsym";
				ENABLE_NS_ASSERTIONS = NO;
				ENABLE_STRICT_OBJC_MSGSEND = YES;
				GCC_C_LANGUAGE_STANDARD = gnu11;
				GCC_NO_COMMON_BLOCKS = YES;
				GCC_WARN_64_TO_32_BIT_CONVERSION = YES;
				GCC_WARN_ABOUT_RETURN_TYPE = YES_ERROR;
				GCC_WARN_UNDECLARED_SELECTOR = YES;
				GCC_WARN_UNINITIALIZED_AUTOS = YES_AGGRESSIVE;
				GCC_WARN_UNUSED_FUNCTION = YES;
				GCC_WARN_UNUSED_VARIABLE = YES;
				IPHONEOS_DEPLOYMENT_TARGET = 14.4;
				MTL_ENABLE_DEBUG_INFO = NO;
				MTL_FAST_MATH = YES;
				SDKROOT = iphoneos;
				SWIFT_COMPILATION_MODE = wholemodule;
				SWIFT_OPTIMIZATION_LEVEL = "-O";
				VALIDATE_PRODUCT = YES;
			};
			name = Release;
		};
		4AE6338C26936AFB00294C83 /* Debug */ = {
			isa = XCBuildConfiguration;
			baseConfigurationReference = 55BFE4879CACDEE32893103D /* Pods-iChat.debug.xcconfig */;
			buildSettings = {
				ASSETCATALOG_COMPILER_APPICON_NAME = AppIcon;
				ASSETCATALOG_COMPILER_GLOBAL_ACCENT_COLOR_NAME = AccentColor;
				CODE_SIGN_STYLE = Automatic;
				DEVELOPMENT_TEAM = N5DQ465SS7;
				INFOPLIST_FILE = iChat/Resources/Info.plist;
				IPHONEOS_DEPLOYMENT_TARGET = 13.2;
				LD_RUNPATH_SEARCH_PATHS = (
					"$(inherited)",
					"@executable_path/Frameworks",
				);
				PRODUCT_BUNDLE_IDENTIFIER = "Sergey-Gnatyuk.iChat";
				PRODUCT_NAME = "$(TARGET_NAME)";
				SWIFT_VERSION = 5.0;
				TARGETED_DEVICE_FAMILY = "1,2";
			};
			name = Debug;
		};
		4AE6338D26936AFB00294C83 /* Release */ = {
			isa = XCBuildConfiguration;
			baseConfigurationReference = 0AC313E2060BFA26D08194FC /* Pods-iChat.release.xcconfig */;
			buildSettings = {
				ASSETCATALOG_COMPILER_APPICON_NAME = AppIcon;
				ASSETCATALOG_COMPILER_GLOBAL_ACCENT_COLOR_NAME = AccentColor;
				CODE_SIGN_STYLE = Automatic;
				DEVELOPMENT_TEAM = N5DQ465SS7;
				INFOPLIST_FILE = iChat/Resources/Info.plist;
				IPHONEOS_DEPLOYMENT_TARGET = 13.2;
				LD_RUNPATH_SEARCH_PATHS = (
					"$(inherited)",
					"@executable_path/Frameworks",
				);
				PRODUCT_BUNDLE_IDENTIFIER = "Sergey-Gnatyuk.iChat";
				PRODUCT_NAME = "$(TARGET_NAME)";
				SWIFT_VERSION = 5.0;
				TARGETED_DEVICE_FAMILY = "1,2";
			};
			name = Release;
		};
/* End XCBuildConfiguration section */

/* Begin XCConfigurationList section */
		4AE6337226936AF100294C83 /* Build configuration list for PBXProject "iChat" */ = {
			isa = XCConfigurationList;
			buildConfigurations = (
				4AE6338926936AFB00294C83 /* Debug */,
				4AE6338A26936AFB00294C83 /* Release */,
			);
			defaultConfigurationIsVisible = 0;
			defaultConfigurationName = Release;
		};
		4AE6338B26936AFB00294C83 /* Build configuration list for PBXNativeTarget "iChat" */ = {
			isa = XCConfigurationList;
			buildConfigurations = (
				4AE6338C26936AFB00294C83 /* Debug */,
				4AE6338D26936AFB00294C83 /* Release */,
			);
			defaultConfigurationIsVisible = 0;
			defaultConfigurationName = Release;
		};
/* End XCConfigurationList section */
	};
	rootObject = 4AE6336F26936AF100294C83 /* Project object */;
}
