// !$*UTF8*$!
{
	archiveVersion = 1;
	classes = {
	};
	objectVersion = 50;
	objects = {

/* Begin PBXBuildFile section */
		4A0A58D625DFFB510097B6ED /* AppDelegate.swift in Sources */ = {isa = PBXBuildFile; fileRef = 4A0A58D525DFFB510097B6ED /* AppDelegate.swift */; };
		4A0A58D825DFFB510097B6ED /* SceneDelegate.swift in Sources */ = {isa = PBXBuildFile; fileRef = 4A0A58D725DFFB510097B6ED /* SceneDelegate.swift */; };
		4A0A58DD25DFFB510097B6ED /* Main.storyboard in Resources */ = {isa = PBXBuildFile; fileRef = 4A0A58DB25DFFB510097B6ED /* Main.storyboard */; };
		4A0A58DF25DFFB540097B6ED /* Assets.xcassets in Resources */ = {isa = PBXBuildFile; fileRef = 4A0A58DE25DFFB540097B6ED /* Assets.xcassets */; };
		4A0A58E225DFFB540097B6ED /* LaunchScreen.storyboard in Resources */ = {isa = PBXBuildFile; fileRef = 4A0A58E025DFFB540097B6ED /* LaunchScreen.storyboard */; };
		4A0A58EC25DFFC7E0097B6ED /* TrackList.swift in Sources */ = {isa = PBXBuildFile; fileRef = 4A0A58EB25DFFC7E0097B6ED /* TrackList.swift */; };
		4AED982025E4E3E300A1EAE1 /* DetailVC.swift in Sources */ = {isa = PBXBuildFile; fileRef = 4AED981F25E4E3E300A1EAE1 /* DetailVC.swift */; };
/* End PBXBuildFile section */

/* Begin PBXFileReference section */
		4A0A58D225DFFB510097B6ED /* SwiftBookUIKit4.app */ = {isa = PBXFileReference; explicitFileType = wrapper.application; includeInIndex = 0; path = SwiftBookUIKit4.app; sourceTree = BUILT_PRODUCTS_DIR; };
		4A0A58D525DFFB510097B6ED /* AppDelegate.swift */ = {isa = PBXFileReference; lastKnownFileType = sourcecode.swift; path = AppDelegate.swift; sourceTree = "<group>"; };
		4A0A58D725DFFB510097B6ED /* SceneDelegate.swift */ = {isa = PBXFileReference; lastKnownFileType = sourcecode.swift; path = SceneDelegate.swift; sourceTree = "<group>"; };
		4A0A58DC25DFFB510097B6ED /* Base */ = {isa = PBXFileReference; lastKnownFileType = file.storyboard; name = Base; path = Base.lproj/Main.storyboard; sourceTree = "<group>"; };
		4A0A58DE25DFFB540097B6ED /* Assets.xcassets */ = {isa = PBXFileReference; lastKnownFileType = folder.assetcatalog; path = Assets.xcassets; sourceTree = "<group>"; };
		4A0A58E125DFFB540097B6ED /* Base */ = {isa = PBXFileReference; lastKnownFileType = file.storyboard; name = Base; path = Base.lproj/LaunchScreen.storyboard; sourceTree = "<group>"; };
		4A0A58E325DFFB540097B6ED /* Info.plist */ = {isa = PBXFileReference; lastKnownFileType = text.plist.xml; path = Info.plist; sourceTree = "<group>"; };
		4A0A58EB25DFFC7E0097B6ED /* TrackList.swift */ = {isa = PBXFileReference; lastKnownFileType = sourcecode.swift; path = TrackList.swift; sourceTree = "<group>"; };
		4AED981F25E4E3E300A1EAE1 /* DetailVC.swift */ = {isa = PBXFileReference; lastKnownFileType = sourcecode.swift; path = DetailVC.swift; sourceTree = "<group>"; usesTabs = 0; };
/* End PBXFileReference section */

/* Begin PBXFrameworksBuildPhase section */
		4A0A58CF25DFFB510097B6ED /* Frameworks */ = {
			isa = PBXFrameworksBuildPhase;
			buildActionMask = 2147483647;
			files = (
			);
			runOnlyForDeploymentPostprocessing = 0;
		};
/* End PBXFrameworksBuildPhase section */

/* Begin PBXGroup section */
		4A0A58C925DFFB510097B6ED = {
			isa = PBXGroup;
			children = (
				4A0A58D425DFFB510097B6ED /* SwiftBookUIKit4 */,
				4A0A58D325DFFB510097B6ED /* Products */,
			);
			sourceTree = "<group>";
		};
		4A0A58D325DFFB510097B6ED /* Products */ = {
			isa = PBXGroup;
			children = (
				4A0A58D225DFFB510097B6ED /* SwiftBookUIKit4.app */,
			);
			name = Products;
			sourceTree = "<group>";
		};
		4A0A58D425DFFB510097B6ED /* SwiftBookUIKit4 */ = {
			isa = PBXGroup;
			children = (
				4A0A58D525DFFB510097B6ED /* AppDelegate.swift */,
				4A0A58D725DFFB510097B6ED /* SceneDelegate.swift */,
				4AED981F25E4E3E300A1EAE1 /* DetailVC.swift */,
				4A0A58EB25DFFC7E0097B6ED /* TrackList.swift */,
				4A0A58DB25DFFB510097B6ED /* Main.storyboard */,
				4A0A58DE25DFFB540097B6ED /* Assets.xcassets */,
				4A0A58E025DFFB540097B6ED /* LaunchScreen.storyboard */,
				4A0A58E325DFFB540097B6ED /* Info.plist */,
			);
			path = SwiftBookUIKit4;
			sourceTree = "<group>";
		};
/* End PBXGroup section */

/* Begin PBXNativeTarget section */
		4A0A58D125DFFB510097B6ED /* SwiftBookUIKit4 */ = {
			isa = PBXNativeTarget;
			buildConfigurationList = 4A0A58E625DFFB540097B6ED /* Build configuration list for PBXNativeTarget "SwiftBookUIKit4" */;
			buildPhases = (
				4A0A58CE25DFFB510097B6ED /* Sources */,
				4A0A58CF25DFFB510097B6ED /* Frameworks */,
				4A0A58D025DFFB510097B6ED /* Resources */,
			);
			buildRules = (
			);
			dependencies = (
			);
			name = SwiftBookUIKit4;
			productName = SwiftBookUIKit4;
			productReference = 4A0A58D225DFFB510097B6ED /* SwiftBookUIKit4.app */;
			productType = "com.apple.product-type.application";
		};
/* End PBXNativeTarget section */

/* Begin PBXProject section */
		4A0A58CA25DFFB510097B6ED /* Project object */ = {
			isa = PBXProject;
			attributes = {
				LastSwiftUpdateCheck = 1240;
				LastUpgradeCheck = 1240;
				TargetAttributes = {
					4A0A58D125DFFB510097B6ED = {
						CreatedOnToolsVersion = 12.4;
					};
				};
			};
			buildConfigurationList = 4A0A58CD25DFFB510097B6ED /* Build configuration list for PBXProject "SwiftBookUIKit4" */;
			compatibilityVersion = "Xcode 9.3";
			developmentRegion = en;
			hasScannedForEncodings = 0;
			knownRegions = (
				en,
				Base,
			);
			mainGroup = 4A0A58C925DFFB510097B6ED;
			productRefGroup = 4A0A58D325DFFB510097B6ED /* Products */;
			projectDirPath = "";
			projectRoot = "";
			targets = (
				4A0A58D125DFFB510097B6ED /* SwiftBookUIKit4 */,
			);
		};
/* End PBXProject section */

/* Begin PBXResourcesBuildPhase section */
		4A0A58D025DFFB510097B6ED /* Resources */ = {
			isa = PBXResourcesBuildPhase;
			buildActionMask = 2147483647;
			files = (
				4A0A58E225DFFB540097B6ED /* LaunchScreen.storyboard in Resources */,
				4A0A58DF25DFFB540097B6ED /* Assets.xcassets in Resources */,
				4A0A58DD25DFFB510097B6ED /* Main.storyboard in Resources */,
			);
			runOnlyForDeploymentPostprocessing = 0;
		};
/* End PBXResourcesBuildPhase section */

/* Begin PBXSourcesBuildPhase section */
		4A0A58CE25DFFB510097B6ED /* Sources */ = {
			isa = PBXSourcesBuildPhase;
			buildActionMask = 2147483647;
			files = (
				4A0A58EC25DFFC7E0097B6ED /* TrackList.swift in Sources */,
				4AED982025E4E3E300A1EAE1 /* DetailVC.swift in Sources */,
				4A0A58D625DFFB510097B6ED /* AppDelegate.swift in Sources */,
				4A0A58D825DFFB510097B6ED /* SceneDelegate.swift in Sources */,
			);
			runOnlyForDeploymentPostprocessing = 0;
		};
/* End PBXSourcesBuildPhase section */

/* Begin PBXVariantGroup section */
		4A0A58DB25DFFB510097B6ED /* Main.storyboard */ = {
			isa = PBXVariantGroup;
			children = (
				4A0A58DC25DFFB510097B6ED /* Base */,
			);
			name = Main.storyboard;
			sourceTree = "<group>";
		};
		4A0A58E025DFFB540097B6ED /* LaunchScreen.storyboard */ = {
			isa = PBXVariantGroup;
			children = (
				4A0A58E125DFFB540097B6ED /* Base */,
			);
			name = LaunchScreen.storyboard;
			sourceTree = "<group>";
		};
/* End PBXVariantGroup section */

/* Begin XCBuildConfiguration section */
		4A0A58E425DFFB540097B6ED /* Debug */ = {
			isa = XCBuildConfiguration;
			buildSettings = {
				ALWAYS_SEARCH_USER_PATHS = NO;
				CLANG_ANALYZER_NONNULL = YES;
				CLANG_ANALYZER_NUMBER_OBJECT_CONVERSION = YES_AGGRESSIVE;
				CLANG_CXX_LANGUAGE_STANDARD = "gnu++14";
				CLANG_CXX_LIBRARY = "libc++";
				CLANG_ENABLE_MODULES = YES;
				CLANG_ENABLE_OBJC_ARC = YES;
				CLANG_ENABLE_OBJC_WEAK = YES;
				CLANG_WARN_BLOCK_CAPTURE_AUTORELEASING = YES;
				CLANG_WARN_BOOL_CONVERSION = YES;
				CLANG_WARN_COMMA = YES;
				CLANG_WARN_CONSTANT_CONVERSION = YES;
				CLANG_WARN_DEPRECATED_OBJC_IMPLEMENTATIONS = YES;
				CLANG_WARN_DIRECT_OBJC_ISA_USAGE = YES_ERROR;
				CLANG_WARN_DOCUMENTATION_COMMENTS = YES;
				CLANG_WARN_EMPTY_BODY = YES;
				CLANG_WARN_ENUM_CONVERSION = YES;
				CLANG_WARN_INFINITE_RECURSION = YES;
				CLANG_WARN_INT_CONVERSION = YES;
				CLANG_WARN_NON_LITERAL_NULL_CONVERSION = YES;
				CLANG_WARN_OBJC_IMPLICIT_RETAIN_SELF = YES;
				CLANG_WARN_OBJC_LITERAL_CONVERSION = YES;
				CLANG_WARN_OBJC_ROOT_CLASS = YES_ERROR;
				CLANG_WARN_QUOTED_INCLUDE_IN_FRAMEWORK_HEADER = YES;
				CLANG_WARN_RANGE_LOOP_ANALYSIS = YES;
				CLANG_WARN_STRICT_PROTOTYPES = YES;
				CLANG_WARN_SUSPICIOUS_MOVE = YES;
				CLANG_WARN_UNGUARDED_AVAILABILITY = YES_AGGRESSIVE;
				CLANG_WARN_UNREACHABLE_CODE = YES;
				CLANG_WARN__DUPLICATE_METHOD_MATCH = YES;
				COPY_PHASE_STRIP = NO;
				DEBUG_INFORMATION_FORMAT = dwarf;
				ENABLE_STRICT_OBJC_MSGSEND = YES;
				ENABLE_TESTABILITY = YES;
				GCC_C_LANGUAGE_STANDARD = gnu11;
				GCC_DYNAMIC_NO_PIC = NO;
				GCC_NO_COMMON_BLOCKS = YES;
				GCC_OPTIMIZATION_LEVEL = 0;
				GCC_PREPROCESSOR_DEFINITIONS = (
					"DEBUG=1",
					"$(inherited)",
				);
				GCC_WARN_64_TO_32_BIT_CONVERSION = YES;
				GCC_WARN_ABOUT_RETURN_TYPE = YES_ERROR;
				GCC_WARN_UNDECLARED_SELECTOR = YES;
				GCC_WARN_UNINITIALIZED_AUTOS = YES_AGGRESSIVE;
				GCC_WARN_UNUSED_FUNCTION = YES;
				GCC_WARN_UNUSED_VARIABLE = YES;
				IPHONEOS_DEPLOYMENT_TARGET = 14.4;
				MTL_ENABLE_DEBUG_INFO = INCLUDE_SOURCE;
				MTL_FAST_MATH = YES;
				ONLY_ACTIVE_ARCH = YES;
				SDKROOT = iphoneos;
				SWIFT_ACTIVE_COMPILATION_CONDITIONS = DEBUG;
				SWIFT_OPTIMIZATION_LEVEL = "-Onone";
			};
			name = Debug;
		};
		4A0A58E525DFFB540097B6ED /* Release */ = {
			isa = XCBuildConfiguration;
			buildSettings = {
				ALWAYS_SEARCH_USER_PATHS = NO;
				CLANG_ANALYZER_NONNULL = YES;
				CLANG_ANALYZER_NUMBER_OBJECT_CONVERSION = YES_AGGRESSIVE;
				CLANG_CXX_LANGUAGE_STANDARD = "gnu++14";
				CLANG_CXX_LIBRARY = "libc++";
				CLANG_ENABLE_MODULES = YES;
				CLANG_ENABLE_OBJC_ARC = YES;
				CLANG_ENABLE_OBJC_WEAK = YES;
				CLANG_WARN_BLOCK_CAPTURE_AUTORELEASING = YES;
				CLANG_WARN_BOOL_CONVERSION = YES;
				CLANG_WARN_COMMA = YES;
				CLANG_WARN_CONSTANT_CONVERSION = YES;
				CLANG_WARN_DEPRECATED_OBJC_IMPLEMENTATIONS = YES;
				CLANG_WARN_DIRECT_OBJC_ISA_USAGE = YES_ERROR;
				CLANG_WARN_DOCUMENTATION_COMMENTS = YES;
				CLANG_WARN_EMPTY_BODY = YES;
				CLANG_WARN_ENUM_CONVERSION = YES;
				CLANG_WARN_INFINITE_RECURSION = YES;
				CLANG_WARN_INT_CONVERSION = YES;
				CLANG_WARN_NON_LITERAL_NULL_CONVERSION = YES;
				CLANG_WARN_OBJC_IMPLICIT_RETAIN_SELF = YES;
				CLANG_WARN_OBJC_LITERAL_CONVERSION = YES;
				CLANG_WARN_OBJC_ROOT_CLASS = YES_ERROR;
				CLANG_WARN_QUOTED_INCLUDE_IN_FRAMEWORK_HEADER = YES;
				CLANG_WARN_RANGE_LOOP_ANALYSIS = YES;
				CLANG_WARN_STRICT_PROTOTYPES = YES;
				CLANG_WARN_SUSPICIOUS_MOVE = YES;
				CLANG_WARN_UNGUARDED_AVAILABILITY = YES_AGGRESSIVE;
				CLANG_WARN_UNREACHABLE_CODE = YES;
				CLANG_WARN__DUPLICATE_METHOD_MATCH = YES;
				COPY_PHASE_STRIP = NO;
				DEBUG_INFORMATION_FORMAT = "dwarf-with-dsym";
				ENABLE_NS_ASSERTIONS = NO;
				ENABLE_STRICT_OBJC_MSGSEND = YES;
				GCC_C_LANGUAGE_STANDARD = gnu11;
				GCC_NO_COMMON_BLOCKS = YES;
				GCC_WARN_64_TO_32_BIT_CONVERSION = YES;
				GCC_WARN_ABOUT_RETURN_TYPE = YES_ERROR;
				GCC_WARN_UNDECLARED_SELECTOR = YES;
				GCC_WARN_UNINITIALIZED_AUTOS = YES_AGGRESSIVE;
				GCC_WARN_UNUSED_FUNCTION = YES;
				GCC_WARN_UNUSED_VARIABLE = YES;
				IPHONEOS_DEPLOYMENT_TARGET = 14.4;
				MTL_ENABLE_DEBUG_INFO = NO;
				MTL_FAST_MATH = YES;
				SDKROOT = iphoneos;
				SWIFT_COMPILATION_MODE = wholemodule;
				SWIFT_OPTIMIZATION_LEVEL = "-O";
				VALIDATE_PRODUCT = YES;
			};
			name = Release;
		};
		4A0A58E725DFFB540097B6ED /* Debug */ = {
			isa = XCBuildConfiguration;
			buildSettings = {
				ASSETCATALOG_COMPILER_APPICON_NAME = AppIcon;
				ASSETCATALOG_COMPILER_GLOBAL_ACCENT_COLOR_NAME = AccentColor;
				CODE_SIGN_STYLE = Automatic;
				INFOPLIST_FILE = SwiftBookUIKit4/Info.plist;
				LD_RUNPATH_SEARCH_PATHS = (
					"$(inherited)",
					"@executable_path/Frameworks",
				);
				PRODUCT_BUNDLE_IDENTIFIER = "Sergey-Gnatyuk.SwiftBookUIKit4";
				PRODUCT_NAME = "$(TARGET_NAME)";
				SWIFT_VERSION = 5.0;
				TARGETED_DEVICE_FAMILY = "1,2";
			};
			name = Debug;
		};
		4A0A58E825DFFB540097B6ED /* Release */ = {
			isa = XCBuildConfiguration;
			buildSettings = {
				ASSETCATALOG_COMPILER_APPICON_NAME = AppIcon;
				ASSETCATALOG_COMPILER_GLOBAL_ACCENT_COLOR_NAME = AccentColor;
				CODE_SIGN_STYLE = Automatic;
				INFOPLIST_FILE = SwiftBookUIKit4/Info.plist;
				LD_RUNPATH_SEARCH_PATHS = (
					"$(inherited)",
					"@executable_path/Frameworks",
				);
				PRODUCT_BUNDLE_IDENTIFIER = "Sergey-Gnatyuk.SwiftBookUIKit4";
				PRODUCT_NAME = "$(TARGET_NAME)";
				SWIFT_VERSION = 5.0;
				TARGETED_DEVICE_FAMILY = "1,2";
			};
			name = Release;
		};
/* End XCBuildConfiguration section */

/* Begin XCConfigurationList section */
		4A0A58CD25DFFB510097B6ED /* Build configuration list for PBXProject "SwiftBookUIKit4" */ = {
			isa = XCConfigurationList;
			buildConfigurations = (
				4A0A58E425DFFB540097B6ED /* Debug */,
				4A0A58E525DFFB540097B6ED /* Release */,
			);
			defaultConfigurationIsVisible = 0;
			defaultConfigurationName = Release;
		};
		4A0A58E625DFFB540097B6ED /* Build configuration list for PBXNativeTarget "SwiftBookUIKit4" */ = {
			isa = XCConfigurationList;
			buildConfigurations = (
				4A0A58E725DFFB540097B6ED /* Debug */,
				4A0A58E825DFFB540097B6ED /* Release */,
			);
			defaultConfigurationIsVisible = 0;
			defaultConfigurationName = Release;
		};
/* End XCConfigurationList section */
	};
	rootObject = 4A0A58CA25DFFB510097B6ED /* Project object */;
}
