// !$*UTF8*$!
{
	archiveVersion = 1;
	classes = {
	};
	objectVersion = 50;
	objects = {

/* Begin PBXBuildFile section */
		4A1A47E625FB982D00330253 /* EmojiModel.swift in Sources */ = {isa = PBXBuildFile; fileRef = 4A1A47E525FB982D00330253 /* EmojiModel.swift */; };
		4A1A47E925FBDB4A00330253 /* NewEmojiTableViewController.swift in Sources */ = {isa = PBXBuildFile; fileRef = 4A1A47E825FBDB4A00330253 /* NewEmojiTableViewController.swift */; };
		4A5FDB7C25FA8ADE007F4DCD /* AppDelegate.swift in Sources */ = {isa = PBXBuildFile; fileRef = 4A5FDB7B25FA8ADE007F4DCD /* AppDelegate.swift */; };
		4A5FDB7E25FA8ADE007F4DCD /* SceneDelegate.swift in Sources */ = {isa = PBXBuildFile; fileRef = 4A5FDB7D25FA8ADE007F4DCD /* SceneDelegate.swift */; };
		4A5FDB8325FA8ADE007F4DCD /* Main.storyboard in Resources */ = {isa = PBXBuildFile; fileRef = 4A5FDB8125FA8ADE007F4DCD /* Main.storyboard */; };
		4A5FDB8525FA8AE0007F4DCD /* Assets.xcassets in Resources */ = {isa = PBXBuildFile; fileRef = 4A5FDB8425FA8AE0007F4DCD /* Assets.xcassets */; };
		4A5FDB8825FA8AE0007F4DCD /* LaunchScreen.storyboard in Resources */ = {isa = PBXBuildFile; fileRef = 4A5FDB8625FA8AE0007F4DCD /* LaunchScreen.storyboard */; };
		4A5FDB9125FA8D3D007F4DCD /* EmojiTableViewController.swift in Sources */ = {isa = PBXBuildFile; fileRef = 4A5FDB9025FA8D3D007F4DCD /* EmojiTableViewController.swift */; };
		4A5FDB9925FA9571007F4DCD /* EmojiTableViewCell.swift in Sources */ = {isa = PBXBuildFile; fileRef = 4A5FDB9825FA9571007F4DCD /* EmojiTableViewCell.swift */; };
/* End PBXBuildFile section */

/* Begin PBXFileReference section */
		4A1A47E525FB982D00330253 /* EmojiModel.swift */ = {isa = PBXFileReference; lastKnownFileType = sourcecode.swift; path = EmojiModel.swift; sourceTree = "<group>"; };
		4A1A47E825FBDB4A00330253 /* NewEmojiTableViewController.swift */ = {isa = PBXFileReference; lastKnownFileType = sourcecode.swift; path = NewEmojiTableViewController.swift; sourceTree = "<group>"; };
		4A5FDB7825FA8ADE007F4DCD /* EmojiReader.app */ = {isa = PBXFileReference; explicitFileType = wrapper.application; includeInIndex = 0; path = EmojiReader.app; sourceTree = BUILT_PRODUCTS_DIR; };
		4A5FDB7B25FA8ADE007F4DCD /* AppDelegate.swift */ = {isa = PBXFileReference; lastKnownFileType = sourcecode.swift; path = AppDelegate.swift; sourceTree = "<group>"; };
		4A5FDB7D25FA8ADE007F4DCD /* SceneDelegate.swift */ = {isa = PBXFileReference; lastKnownFileType = sourcecode.swift; path = SceneDelegate.swift; sourceTree = "<group>"; };
		4A5FDB8225FA8ADE007F4DCD /* Base */ = {isa = PBXFileReference; lastKnownFileType = file.storyboard; name = Base; path = Base.lproj/Main.storyboard; sourceTree = "<group>"; };
		4A5FDB8425FA8AE0007F4DCD /* Assets.xcassets */ = {isa = PBXFileReference; lastKnownFileType = folder.assetcatalog; path = Assets.xcassets; sourceTree = "<group>"; };
		4A5FDB8725FA8AE0007F4DCD /* Base */ = {isa = PBXFileReference; lastKnownFileType = file.storyboard; name = Base; path = Base.lproj/LaunchScreen.storyboard; sourceTree = "<group>"; };
		4A5FDB8925FA8AE0007F4DCD /* Info.plist */ = {isa = PBXFileReference; lastKnownFileType = text.plist.xml; path = Info.plist; sourceTree = "<group>"; };
		4A5FDB9025FA8D3D007F4DCD /* EmojiTableViewController.swift */ = {isa = PBXFileReference; lastKnownFileType = sourcecode.swift; path = EmojiTableViewController.swift; sourceTree = "<group>"; };
		4A5FDB9825FA9571007F4DCD /* EmojiTableViewCell.swift */ = {isa = PBXFileReference; lastKnownFileType = sourcecode.swift; path = EmojiTableViewCell.swift; sourceTree = "<group>"; };
/* End PBXFileReference section */

/* Begin PBXFrameworksBuildPhase section */
		4A5FDB7525FA8ADE007F4DCD /* Frameworks */ = {
			isa = PBXFrameworksBuildPhase;
			buildActionMask = 2147483647;
			files = (
			);
			runOnlyForDeploymentPostprocessing = 0;
		};
/* End PBXFrameworksBuildPhase section */

/* Begin PBXGroup section */
		4A24B87C26404E6D00263FAD /* Resources */ = {
			isa = PBXGroup;
			children = (
				4A5FDB8425FA8AE0007F4DCD /* Assets.xcassets */,
				4A5FDB8925FA8AE0007F4DCD /* Info.plist */,
			);
			path = Resources;
			sourceTree = "<group>";
		};
		4A24B87D26404E7E00263FAD /* View */ = {
			isa = PBXGroup;
			children = (
				4A5FDB8125FA8ADE007F4DCD /* Main.storyboard */,
				4A5FDB8625FA8AE0007F4DCD /* LaunchScreen.storyboard */,
			);
			path = View;
			sourceTree = "<group>";
		};
		4A24B87E26404E8900263FAD /* Models */ = {
			isa = PBXGroup;
			children = (
				4A1A47E525FB982D00330253 /* EmojiModel.swift */,
			);
			path = Models;
			sourceTree = "<group>";
		};
		4A24B88026404EA500263FAD /* SupportingFiles */ = {
			isa = PBXGroup;
			children = (
				4A5FDB7D25FA8ADE007F4DCD /* SceneDelegate.swift */,
				4A5FDB7B25FA8ADE007F4DCD /* AppDelegate.swift */,
			);
			path = SupportingFiles;
			sourceTree = "<group>";
		};
		4A24B88226404EC000263FAD /* Controllers */ = {
			isa = PBXGroup;
			children = (
				4A24B88326404ECD00263FAD /* EmojiTableViewController */,
				4A24B88426404EE400263FAD /* NewEmojiTableViewController */,
			);
			path = Controllers;
			sourceTree = "<group>";
		};
		4A24B88326404ECD00263FAD /* EmojiTableViewController */ = {
			isa = PBXGroup;
			children = (
				4A5FDB9025FA8D3D007F4DCD /* EmojiTableViewController.swift */,
				4A5FDB9825FA9571007F4DCD /* EmojiTableViewCell.swift */,
			);
			path = EmojiTableViewController;
			sourceTree = "<group>";
		};
		4A24B88426404EE400263FAD /* NewEmojiTableViewController */ = {
			isa = PBXGroup;
			children = (
				4A1A47E825FBDB4A00330253 /* NewEmojiTableViewController.swift */,
			);
			path = NewEmojiTableViewController;
			sourceTree = "<group>";
		};
		4A5FDB6F25FA8ADD007F4DCD = {
			isa = PBXGroup;
			children = (
				4A5FDB7A25FA8ADE007F4DCD /* EmojiReader */,
				4A5FDB7925FA8ADE007F4DCD /* Products */,
			);
			sourceTree = "<group>";
		};
		4A5FDB7925FA8ADE007F4DCD /* Products */ = {
			isa = PBXGroup;
			children = (
				4A5FDB7825FA8ADE007F4DCD /* EmojiReader.app */,
			);
			name = Products;
			sourceTree = "<group>";
		};
		4A5FDB7A25FA8ADE007F4DCD /* EmojiReader */ = {
			isa = PBXGroup;
			children = (
				4A24B88226404EC000263FAD /* Controllers */,
				4A24B87E26404E8900263FAD /* Models */,
				4A24B87D26404E7E00263FAD /* View */,
				4A24B88026404EA500263FAD /* SupportingFiles */,
				4A24B87C26404E6D00263FAD /* Resources */,
			);
			path = EmojiReader;
			sourceTree = "<group>";
		};
/* End PBXGroup section */

/* Begin PBXNativeTarget section */
		4A5FDB7725FA8ADE007F4DCD /* EmojiReader */ = {
			isa = PBXNativeTarget;
			buildConfigurationList = 4A5FDB8C25FA8AE0007F4DCD /* Build configuration list for PBXNativeTarget "EmojiReader" */;
			buildPhases = (
				4A5FDB7425FA8ADE007F4DCD /* Sources */,
				4A5FDB7525FA8ADE007F4DCD /* Frameworks */,
				4A5FDB7625FA8ADE007F4DCD /* Resources */,
			);
			buildRules = (
			);
			dependencies = (
			);
			name = EmojiReader;
			productName = "Lesson 2 EmojiReader";
			productReference = 4A5FDB7825FA8ADE007F4DCD /* EmojiReader.app */;
			productType = "com.apple.product-type.application";
		};
/* End PBXNativeTarget section */

/* Begin PBXProject section */
		4A5FDB7025FA8ADD007F4DCD /* Project object */ = {
			isa = PBXProject;
			attributes = {
				LastSwiftUpdateCheck = 1240;
				LastUpgradeCheck = 1240;
				TargetAttributes = {
					4A5FDB7725FA8ADE007F4DCD = {
						CreatedOnToolsVersion = 12.4;
					};
				};
			};
			buildConfigurationList = 4A5FDB7325FA8ADD007F4DCD /* Build configuration list for PBXProject "EmojiReader" */;
			compatibilityVersion = "Xcode 9.3";
			developmentRegion = en;
			hasScannedForEncodings = 0;
			knownRegions = (
				en,
				Base,
			);
			mainGroup = 4A5FDB6F25FA8ADD007F4DCD;
			productRefGroup = 4A5FDB7925FA8ADE007F4DCD /* Products */;
			projectDirPath = "";
			projectRoot = "";
			targets = (
				4A5FDB7725FA8ADE007F4DCD /* EmojiReader */,
			);
		};
/* End PBXProject section */

/* Begin PBXResourcesBuildPhase section */
		4A5FDB7625FA8ADE007F4DCD /* Resources */ = {
			isa = PBXResourcesBuildPhase;
			buildActionMask = 2147483647;
			files = (
				4A5FDB8825FA8AE0007F4DCD /* LaunchScreen.storyboard in Resources */,
				4A5FDB8525FA8AE0007F4DCD /* Assets.xcassets in Resources */,
				4A5FDB8325FA8ADE007F4DCD /* Main.storyboard in Resources */,
			);
			runOnlyForDeploymentPostprocessing = 0;
		};
/* End PBXResourcesBuildPhase section */

/* Begin PBXSourcesBuildPhase section */
		4A5FDB7425FA8ADE007F4DCD /* Sources */ = {
			isa = PBXSourcesBuildPhase;
			buildActionMask = 2147483647;
			files = (
				4A5FDB9125FA8D3D007F4DCD /* EmojiTableViewController.swift in Sources */,
				4A1A47E625FB982D00330253 /* EmojiModel.swift in Sources */,
				4A5FDB9925FA9571007F4DCD /* EmojiTableViewCell.swift in Sources */,
				4A1A47E925FBDB4A00330253 /* NewEmojiTableViewController.swift in Sources */,
				4A5FDB7C25FA8ADE007F4DCD /* AppDelegate.swift in Sources */,
				4A5FDB7E25FA8ADE007F4DCD /* SceneDelegate.swift in Sources */,
			);
			runOnlyForDeploymentPostprocessing = 0;
		};
/* End PBXSourcesBuildPhase section */

/* Begin PBXVariantGroup section */
		4A5FDB8125FA8ADE007F4DCD /* Main.storyboard */ = {
			isa = PBXVariantGroup;
			children = (
				4A5FDB8225FA8ADE007F4DCD /* Base */,
			);
			name = Main.storyboard;
			sourceTree = "<group>";
		};
		4A5FDB8625FA8AE0007F4DCD /* LaunchScreen.storyboard */ = {
			isa = PBXVariantGroup;
			children = (
				4A5FDB8725FA8AE0007F4DCD /* Base */,
			);
			name = LaunchScreen.storyboard;
			sourceTree = "<group>";
		};
/* End PBXVariantGroup section */

/* Begin XCBuildConfiguration section */
		4A5FDB8A25FA8AE0007F4DCD /* Debug */ = {
			isa = XCBuildConfiguration;
			buildSettings = {
				ALWAYS_SEARCH_USER_PATHS = NO;
				CLANG_ANALYZER_NONNULL = YES;
				CLANG_ANALYZER_NUMBER_OBJECT_CONVERSION = YES_AGGRESSIVE;
				CLANG_CXX_LANGUAGE_STANDARD = "gnu++14";
				CLANG_CXX_LIBRARY = "libc++";
				CLANG_ENABLE_MODULES = YES;
				CLANG_ENABLE_OBJC_ARC = YES;
				CLANG_ENABLE_OBJC_WEAK = YES;
				CLANG_WARN_BLOCK_CAPTURE_AUTORELEASING = YES;
				CLANG_WARN_BOOL_CONVERSION = YES;
				CLANG_WARN_COMMA = YES;
				CLANG_WARN_CONSTANT_CONVERSION = YES;
				CLANG_WARN_DEPRECATED_OBJC_IMPLEMENTATIONS = YES;
				CLANG_WARN_DIRECT_OBJC_ISA_USAGE = YES_ERROR;
				CLANG_WARN_DOCUMENTATION_COMMENTS = YES;
				CLANG_WARN_EMPTY_BODY = YES;
				CLANG_WARN_ENUM_CONVERSION = YES;
				CLANG_WARN_INFINITE_RECURSION = YES;
				CLANG_WARN_INT_CONVERSION = YES;
				CLANG_WARN_NON_LITERAL_NULL_CONVERSION = YES;
				CLANG_WARN_OBJC_IMPLICIT_RETAIN_SELF = YES;
				CLANG_WARN_OBJC_LITERAL_CONVERSION = YES;
				CLANG_WARN_OBJC_ROOT_CLASS = YES_ERROR;
				CLANG_WARN_QUOTED_INCLUDE_IN_FRAMEWORK_HEADER = YES;
				CLANG_WARN_RANGE_LOOP_ANALYSIS = YES;
				CLANG_WARN_STRICT_PROTOTYPES = YES;
				CLANG_WARN_SUSPICIOUS_MOVE = YES;
				CLANG_WARN_UNGUARDED_AVAILABILITY = YES_AGGRESSIVE;
				CLANG_WARN_UNREACHABLE_CODE = YES;
				CLANG_WARN__DUPLICATE_METHOD_MATCH = YES;
				COPY_PHASE_STRIP = NO;
				DEBUG_INFORMATION_FORMAT = dwarf;
				ENABLE_STRICT_OBJC_MSGSEND = YES;
				ENABLE_TESTABILITY = YES;
				GCC_C_LANGUAGE_STANDARD = gnu11;
				GCC_DYNAMIC_NO_PIC = NO;
				GCC_NO_COMMON_BLOCKS = YES;
				GCC_OPTIMIZATION_LEVEL = 0;
				GCC_PREPROCESSOR_DEFINITIONS = (
					"DEBUG=1",
					"$(inherited)",
				);
				GCC_WARN_64_TO_32_BIT_CONVERSION = YES;
				GCC_WARN_ABOUT_RETURN_TYPE = YES_ERROR;
				GCC_WARN_UNDECLARED_SELECTOR = YES;
				GCC_WARN_UNINITIALIZED_AUTOS = YES_AGGRESSIVE;
				GCC_WARN_UNUSED_FUNCTION = YES;
				GCC_WARN_UNUSED_VARIABLE = YES;
				IPHONEOS_DEPLOYMENT_TARGET = 14.4;
				MTL_ENABLE_DEBUG_INFO = INCLUDE_SOURCE;
				MTL_FAST_MATH = YES;
				ONLY_ACTIVE_ARCH = YES;
				SDKROOT = iphoneos;
				SWIFT_ACTIVE_COMPILATION_CONDITIONS = DEBUG;
				SWIFT_OPTIMIZATION_LEVEL = "-Onone";
			};
			name = Debug;
		};
		4A5FDB8B25FA8AE0007F4DCD /* Release */ = {
			isa = XCBuildConfiguration;
			buildSettings = {
				ALWAYS_SEARCH_USER_PATHS = NO;
				CLANG_ANALYZER_NONNULL = YES;
				CLANG_ANALYZER_NUMBER_OBJECT_CONVERSION = YES_AGGRESSIVE;
				CLANG_CXX_LANGUAGE_STANDARD = "gnu++14";
				CLANG_CXX_LIBRARY = "libc++";
				CLANG_ENABLE_MODULES = YES;
				CLANG_ENABLE_OBJC_ARC = YES;
				CLANG_ENABLE_OBJC_WEAK = YES;
				CLANG_WARN_BLOCK_CAPTURE_AUTORELEASING = YES;
				CLANG_WARN_BOOL_CONVERSION = YES;
				CLANG_WARN_COMMA = YES;
				CLANG_WARN_CONSTANT_CONVERSION = YES;
				CLANG_WARN_DEPRECATED_OBJC_IMPLEMENTATIONS = YES;
				CLANG_WARN_DIRECT_OBJC_ISA_USAGE = YES_ERROR;
				CLANG_WARN_DOCUMENTATION_COMMENTS = YES;
				CLANG_WARN_EMPTY_BODY = YES;
				CLANG_WARN_ENUM_CONVERSION = YES;
				CLANG_WARN_INFINITE_RECURSION = YES;
				CLANG_WARN_INT_CONVERSION = YES;
				CLANG_WARN_NON_LITERAL_NULL_CONVERSION = YES;
				CLANG_WARN_OBJC_IMPLICIT_RETAIN_SELF = YES;
				CLANG_WARN_OBJC_LITERAL_CONVERSION = YES;
				CLANG_WARN_OBJC_ROOT_CLASS = YES_ERROR;
				CLANG_WARN_QUOTED_INCLUDE_IN_FRAMEWORK_HEADER = YES;
				CLANG_WARN_RANGE_LOOP_ANALYSIS = YES;
				CLANG_WARN_STRICT_PROTOTYPES = YES;
				CLANG_WARN_SUSPICIOUS_MOVE = YES;
				CLANG_WARN_UNGUARDED_AVAILABILITY = YES_AGGRESSIVE;
				CLANG_WARN_UNREACHABLE_CODE = YES;
				CLANG_WARN__DUPLICATE_METHOD_MATCH = YES;
				COPY_PHASE_STRIP = NO;
				DEBUG_INFORMATION_FORMAT = "dwarf-with-dsym";
				ENABLE_NS_ASSERTIONS = NO;
				ENABLE_STRICT_OBJC_MSGSEND = YES;
				GCC_C_LANGUAGE_STANDARD = gnu11;
				GCC_NO_COMMON_BLOCKS = YES;
				GCC_WARN_64_TO_32_BIT_CONVERSION = YES;
				GCC_WARN_ABOUT_RETURN_TYPE = YES_ERROR;
				GCC_WARN_UNDECLARED_SELECTOR = YES;
				GCC_WARN_UNINITIALIZED_AUTOS = YES_AGGRESSIVE;
				GCC_WARN_UNUSED_FUNCTION = YES;
				GCC_WARN_UNUSED_VARIABLE = YES;
				IPHONEOS_DEPLOYMENT_TARGET = 14.4;
				MTL_ENABLE_DEBUG_INFO = NO;
				MTL_FAST_MATH = YES;
				SDKROOT = iphoneos;
				SWIFT_COMPILATION_MODE = wholemodule;
				SWIFT_OPTIMIZATION_LEVEL = "-O";
				VALIDATE_PRODUCT = YES;
			};
			name = Release;
		};
		4A5FDB8D25FA8AE0007F4DCD /* Debug */ = {
			isa = XCBuildConfiguration;
			buildSettings = {
				ASSETCATALOG_COMPILER_APPICON_NAME = AppIcon;
				ASSETCATALOG_COMPILER_GLOBAL_ACCENT_COLOR_NAME = AccentColor;
				CODE_SIGN_STYLE = Automatic;
				DEVELOPMENT_TEAM = N5DQ465SS7;
				INFOPLIST_FILE = EmojiReader/Resources/Info.plist;
				LD_RUNPATH_SEARCH_PATHS = (
					"$(inherited)",
					"@executable_path/Frameworks",
				);
				PRODUCT_BUNDLE_IDENTIFIER = "Sergey-Gnatyuk.Lesson-2-EmojiReader";
				PRODUCT_NAME = "$(TARGET_NAME)";
				SWIFT_VERSION = 5.0;
				TARGETED_DEVICE_FAMILY = "1,2";
			};
			name = Debug;
		};
		4A5FDB8E25FA8AE0007F4DCD /* Release */ = {
			isa = XCBuildConfiguration;
			buildSettings = {
				ASSETCATALOG_COMPILER_APPICON_NAME = AppIcon;
				ASSETCATALOG_COMPILER_GLOBAL_ACCENT_COLOR_NAME = AccentColor;
				CODE_SIGN_STYLE = Automatic;
				DEVELOPMENT_TEAM = N5DQ465SS7;
				INFOPLIST_FILE = EmojiReader/Resources/Info.plist;
				LD_RUNPATH_SEARCH_PATHS = (
					"$(inherited)",
					"@executable_path/Frameworks",
				);
				PRODUCT_BUNDLE_IDENTIFIER = "Sergey-Gnatyuk.Lesson-2-EmojiReader";
				PRODUCT_NAME = "$(TARGET_NAME)";
				SWIFT_VERSION = 5.0;
				TARGETED_DEVICE_FAMILY = "1,2";
			};
			name = Release;
		};
/* End XCBuildConfiguration section */

/* Begin XCConfigurationList section */
		4A5FDB7325FA8ADD007F4DCD /* Build configuration list for PBXProject "EmojiReader" */ = {
			isa = XCConfigurationList;
			buildConfigurations = (
				4A5FDB8A25FA8AE0007F4DCD /* Debug */,
				4A5FDB8B25FA8AE0007F4DCD /* Release */,
			);
			defaultConfigurationIsVisible = 0;
			defaultConfigurationName = Release;
		};
		4A5FDB8C25FA8AE0007F4DCD /* Build configuration list for PBXNativeTarget "EmojiReader" */ = {
			isa = XCConfigurationList;
			buildConfigurations = (
				4A5FDB8D25FA8AE0007F4DCD /* Debug */,
				4A5FDB8E25FA8AE0007F4DCD /* Release */,
			);
			defaultConfigurationIsVisible = 0;
			defaultConfigurationName = Release;
		};
/* End XCConfigurationList section */
	};
	rootObject = 4A5FDB7025FA8ADD007F4DCD /* Project object */;
}
