// !$*UTF8*$!
{
	archiveVersion = 1;
	classes = {
	};
	objectVersion = 50;
	objects = {

/* Begin PBXBuildFile section */
		4A18AEDA2620E2D900F75CB9 /* AppDelegate.swift in Sources */ = {isa = PBXBuildFile; fileRef = 4A18AED92620E2D900F75CB9 /* AppDelegate.swift */; };
		4A18AEDC2620E2D900F75CB9 /* SceneDelegate.swift in Sources */ = {isa = PBXBuildFile; fileRef = 4A18AEDB2620E2D900F75CB9 /* SceneDelegate.swift */; };
		4A18AEE12620E2D900F75CB9 /* Main.storyboard in Resources */ = {isa = PBXBuildFile; fileRef = 4A18AEDF2620E2D900F75CB9 /* Main.storyboard */; };
		4A18AEE32620E2DB00F75CB9 /* Assets.xcassets in Resources */ = {isa = PBXBuildFile; fileRef = 4A18AEE22620E2DB00F75CB9 /* Assets.xcassets */; };
		4A18AEE62620E2DB00F75CB9 /* LaunchScreen.storyboard in Resources */ = {isa = PBXBuildFile; fileRef = 4A18AEE42620E2DB00F75CB9 /* LaunchScreen.storyboard */; };
		4A18AEEF2620E71600F75CB9 /* ImageViewController.swift in Sources */ = {isa = PBXBuildFile; fileRef = 4A18AEEE2620E71600F75CB9 /* ImageViewController.swift */; };
		4A19E6BC2623343200D591F9 /* MainViewController.swift in Sources */ = {isa = PBXBuildFile; fileRef = 4A19E6BB2623343200D591F9 /* MainViewController.swift */; };
		4A19E6BF2623344F00D591F9 /* CollectionViewCell.swift in Sources */ = {isa = PBXBuildFile; fileRef = 4A19E6BE2623344F00D591F9 /* CollectionViewCell.swift */; };
		4A19E6C3262341C800D591F9 /* NetworkManager.swift in Sources */ = {isa = PBXBuildFile; fileRef = 4A19E6C2262341C800D591F9 /* NetworkManager.swift */; };
		4A426A9E2621BB5400619BBC /* CoursesViewController.swift in Sources */ = {isa = PBXBuildFile; fileRef = 4A426A9D2621BB5400619BBC /* CoursesViewController.swift */; };
		4A426AA12621BC0E00619BBC /* WebViewController.swift in Sources */ = {isa = PBXBuildFile; fileRef = 4A426AA02621BC0E00619BBC /* WebViewController.swift */; };
		4A426AAD2621BF3700619BBC /* Course.swift in Sources */ = {isa = PBXBuildFile; fileRef = 4A426AAC2621BF3700619BBC /* Course.swift */; };
		4A426AB22621C74F00619BBC /* TableViewCell.swift in Sources */ = {isa = PBXBuildFile; fileRef = 4A426AB12621C74F00619BBC /* TableViewCell.swift */; };
		4AD307D92623853C00DD149D /* ImageProperties.swift in Sources */ = {isa = PBXBuildFile; fileRef = 4AD307D82623853C00DD149D /* ImageProperties.swift */; };
		4AE14A122621D05E00BCFA93 /* WebsiteDiscription .swift in Sources */ = {isa = PBXBuildFile; fileRef = 4AE14A112621D05E00BCFA93 /* WebsiteDiscription .swift */; };
/* End PBXBuildFile section */

/* Begin PBXFileReference section */
		4A18AED62620E2D900F75CB9 /* Lesson 5.app */ = {isa = PBXFileReference; explicitFileType = wrapper.application; includeInIndex = 0; path = "Lesson 5.app"; sourceTree = BUILT_PRODUCTS_DIR; };
		4A18AED92620E2D900F75CB9 /* AppDelegate.swift */ = {isa = PBXFileReference; lastKnownFileType = sourcecode.swift; path = AppDelegate.swift; sourceTree = "<group>"; };
		4A18AEDB2620E2D900F75CB9 /* SceneDelegate.swift */ = {isa = PBXFileReference; lastKnownFileType = sourcecode.swift; path = SceneDelegate.swift; sourceTree = "<group>"; };
		4A18AEE02620E2D900F75CB9 /* Base */ = {isa = PBXFileReference; lastKnownFileType = file.storyboard; name = Base; path = Base.lproj/Main.storyboard; sourceTree = "<group>"; };
		4A18AEE22620E2DB00F75CB9 /* Assets.xcassets */ = {isa = PBXFileReference; lastKnownFileType = folder.assetcatalog; path = Assets.xcassets; sourceTree = "<group>"; };
		4A18AEE52620E2DB00F75CB9 /* Base */ = {isa = PBXFileReference; lastKnownFileType = file.storyboard; name = Base; path = Base.lproj/LaunchScreen.storyboard; sourceTree = "<group>"; };
		4A18AEE72620E2DB00F75CB9 /* Info.plist */ = {isa = PBXFileReference; lastKnownFileType = text.plist.xml; path = Info.plist; sourceTree = "<group>"; };
		4A18AEEE2620E71600F75CB9 /* ImageViewController.swift */ = {isa = PBXFileReference; lastKnownFileType = sourcecode.swift; path = ImageViewController.swift; sourceTree = "<group>"; };
		4A19E6BB2623343200D591F9 /* MainViewController.swift */ = {isa = PBXFileReference; lastKnownFileType = sourcecode.swift; path = MainViewController.swift; sourceTree = "<group>"; };
		4A19E6BE2623344F00D591F9 /* CollectionViewCell.swift */ = {isa = PBXFileReference; lastKnownFileType = sourcecode.swift; path = CollectionViewCell.swift; sourceTree = "<group>"; };
		4A19E6C2262341C800D591F9 /* NetworkManager.swift */ = {isa = PBXFileReference; lastKnownFileType = sourcecode.swift; path = NetworkManager.swift; sourceTree = "<group>"; };
		4A426A9D2621BB5400619BBC /* CoursesViewController.swift */ = {isa = PBXFileReference; lastKnownFileType = sourcecode.swift; path = CoursesViewController.swift; sourceTree = "<group>"; };
		4A426AA02621BC0E00619BBC /* WebViewController.swift */ = {isa = PBXFileReference; lastKnownFileType = sourcecode.swift; path = WebViewController.swift; sourceTree = "<group>"; };
		4A426AAC2621BF3700619BBC /* Course.swift */ = {isa = PBXFileReference; lastKnownFileType = sourcecode.swift; path = Course.swift; sourceTree = "<group>"; };
		4A426AB12621C74F00619BBC /* TableViewCell.swift */ = {isa = PBXFileReference; lastKnownFileType = sourcecode.swift; path = TableViewCell.swift; sourceTree = "<group>"; };
		4AD307D82623853C00DD149D /* ImageProperties.swift */ = {isa = PBXFileReference; lastKnownFileType = sourcecode.swift; path = ImageProperties.swift; sourceTree = "<group>"; };
		4AE14A112621D05E00BCFA93 /* WebsiteDiscription .swift */ = {isa = PBXFileReference; lastKnownFileType = sourcecode.swift; path = "WebsiteDiscription .swift"; sourceTree = "<group>"; };
/* End PBXFileReference section */

/* Begin PBXFrameworksBuildPhase section */
		4A18AED32620E2D900F75CB9 /* Frameworks */ = {
			isa = PBXFrameworksBuildPhase;
			buildActionMask = 2147483647;
			files = (
			);
			runOnlyForDeploymentPostprocessing = 0;
		};
/* End PBXFrameworksBuildPhase section */

/* Begin PBXGroup section */
		4A18AECD2620E2D800F75CB9 = {
			isa = PBXGroup;
			children = (
				4A18AED82620E2D900F75CB9 /* Lesson 5 */,
				4A18AED72620E2D900F75CB9 /* Products */,
			);
			sourceTree = "<group>";
		};
		4A18AED72620E2D900F75CB9 /* Products */ = {
			isa = PBXGroup;
			children = (
				4A18AED62620E2D900F75CB9 /* Lesson 5.app */,
			);
			name = Products;
			sourceTree = "<group>";
		};
		4A18AED82620E2D900F75CB9 /* Lesson 5 */ = {
			isa = PBXGroup;
			children = (
				4A426AA62621BF0D00619BBC /* Models */,
				4A426AA42621BEDE00619BBC /* View */,
				4A426AA32621BEC900619BBC /* Controllers */,
				4A426AA52621BEE900619BBC /* Supporting Files */,
			);
			path = "Lesson 5";
			sourceTree = "<group>";
		};
		4A426AA32621BEC900619BBC /* Controllers */ = {
			isa = PBXGroup;
			children = (
				4A426AB12621C74F00619BBC /* TableViewCell.swift */,
				4A18AEEE2620E71600F75CB9 /* ImageViewController.swift */,
				4A426AA02621BC0E00619BBC /* WebViewController.swift */,
				4A426A9D2621BB5400619BBC /* CoursesViewController.swift */,
				4A19E6BB2623343200D591F9 /* MainViewController.swift */,
				4A19E6BE2623344F00D591F9 /* CollectionViewCell.swift */,
				4A19E6C2262341C800D591F9 /* NetworkManager.swift */,
			);
			path = Controllers;
			sourceTree = "<group>";
		};
		4A426AA42621BEDE00619BBC /* View */ = {
			isa = PBXGroup;
			children = (
				4A18AEDF2620E2D900F75CB9 /* Main.storyboard */,
				4A18AEE42620E2DB00F75CB9 /* LaunchScreen.storyboard */,
			);
			path = View;
			sourceTree = "<group>";
		};
		4A426AA52621BEE900619BBC /* Supporting Files */ = {
			isa = PBXGroup;
			children = (
				4A18AED92620E2D900F75CB9 /* AppDelegate.swift */,
				4A18AEDB2620E2D900F75CB9 /* SceneDelegate.swift */,
				4A18AEE22620E2DB00F75CB9 /* Assets.xcassets */,
				4A18AEE72620E2DB00F75CB9 /* Info.plist */,
			);
			path = "Supporting Files";
			sourceTree = "<group>";
		};
		4A426AA62621BF0D00619BBC /* Models */ = {
			isa = PBXGroup;
			children = (
				4A426AAC2621BF3700619BBC /* Course.swift */,
				4AE14A112621D05E00BCFA93 /* WebsiteDiscription .swift */,
				4AD307D82623853C00DD149D /* ImageProperties.swift */,
			);
			path = Models;
			sourceTree = "<group>";
		};
/* End PBXGroup section */

/* Begin PBXNativeTarget section */
		4A18AED52620E2D900F75CB9 /* Lesson 5 */ = {
			isa = PBXNativeTarget;
			buildConfigurationList = 4A18AEEA2620E2DB00F75CB9 /* Build configuration list for PBXNativeTarget "Lesson 5" */;
			buildPhases = (
				4A18AED22620E2D900F75CB9 /* Sources */,
				4A18AED32620E2D900F75CB9 /* Frameworks */,
				4A18AED42620E2D900F75CB9 /* Resources */,
			);
			buildRules = (
			);
			dependencies = (
			);
			name = "Lesson 5";
			productName = "Lesson 5";
			productReference = 4A18AED62620E2D900F75CB9 /* Lesson 5.app */;
			productType = "com.apple.product-type.application";
		};
/* End PBXNativeTarget section */

/* Begin PBXProject section */
		4A18AECE2620E2D800F75CB9 /* Project object */ = {
			isa = PBXProject;
			attributes = {
				LastSwiftUpdateCheck = 1240;
				LastUpgradeCheck = 1240;
				TargetAttributes = {
					4A18AED52620E2D900F75CB9 = {
						CreatedOnToolsVersion = 12.4;
					};
				};
			};
			buildConfigurationList = 4A18AED12620E2D800F75CB9 /* Build configuration list for PBXProject "Lesson 5" */;
			compatibilityVersion = "Xcode 9.3";
			developmentRegion = en;
			hasScannedForEncodings = 0;
			knownRegions = (
				en,
				Base,
			);
			mainGroup = 4A18AECD2620E2D800F75CB9;
			productRefGroup = 4A18AED72620E2D900F75CB9 /* Products */;
			projectDirPath = "";
			projectRoot = "";
			targets = (
				4A18AED52620E2D900F75CB9 /* Lesson 5 */,
			);
		};
/* End PBXProject section */

/* Begin PBXResourcesBuildPhase section */
		4A18AED42620E2D900F75CB9 /* Resources */ = {
			isa = PBXResourcesBuildPhase;
			buildActionMask = 2147483647;
			files = (
				4A18AEE62620E2DB00F75CB9 /* LaunchScreen.storyboard in Resources */,
				4A18AEE32620E2DB00F75CB9 /* Assets.xcassets in Resources */,
				4A18AEE12620E2D900F75CB9 /* Main.storyboard in Resources */,
			);
			runOnlyForDeploymentPostprocessing = 0;
		};
/* End PBXResourcesBuildPhase section */

/* Begin PBXSourcesBuildPhase section */
		4A18AED22620E2D900F75CB9 /* Sources */ = {
			isa = PBXSourcesBuildPhase;
			buildActionMask = 2147483647;
			files = (
				4A19E6C3262341C800D591F9 /* NetworkManager.swift in Sources */,
				4A426AB22621C74F00619BBC /* TableViewCell.swift in Sources */,
				4A426AAD2621BF3700619BBC /* Course.swift in Sources */,
				4A426AA12621BC0E00619BBC /* WebViewController.swift in Sources */,
				4A18AEDA2620E2D900F75CB9 /* AppDelegate.swift in Sources */,
				4A18AEEF2620E71600F75CB9 /* ImageViewController.swift in Sources */,
				4A18AEDC2620E2D900F75CB9 /* SceneDelegate.swift in Sources */,
				4AE14A122621D05E00BCFA93 /* WebsiteDiscription .swift in Sources */,
				4AD307D92623853C00DD149D /* ImageProperties.swift in Sources */,
				4A426A9E2621BB5400619BBC /* CoursesViewController.swift in Sources */,
				4A19E6BC2623343200D591F9 /* MainViewController.swift in Sources */,
				4A19E6BF2623344F00D591F9 /* CollectionViewCell.swift in Sources */,
			);
			runOnlyForDeploymentPostprocessing = 0;
		};
/* End PBXSourcesBuildPhase section */

/* Begin PBXVariantGroup section */
		4A18AEDF2620E2D900F75CB9 /* Main.storyboard */ = {
			isa = PBXVariantGroup;
			children = (
				4A18AEE02620E2D900F75CB9 /* Base */,
			);
			name = Main.storyboard;
			sourceTree = "<group>";
		};
		4A18AEE42620E2DB00F75CB9 /* LaunchScreen.storyboard */ = {
			isa = PBXVariantGroup;
			children = (
				4A18AEE52620E2DB00F75CB9 /* Base */,
			);
			name = LaunchScreen.storyboard;
			sourceTree = "<group>";
		};
/* End PBXVariantGroup section */

/* Begin XCBuildConfiguration section */
		4A18AEE82620E2DB00F75CB9 /* Debug */ = {
			isa = XCBuildConfiguration;
			buildSettings = {
				ALWAYS_SEARCH_USER_PATHS = NO;
				CLANG_ANALYZER_NONNULL = YES;
				CLANG_ANALYZER_NUMBER_OBJECT_CONVERSION = YES_AGGRESSIVE;
				CLANG_CXX_LANGUAGE_STANDARD = "gnu++14";
				CLANG_CXX_LIBRARY = "libc++";
				CLANG_ENABLE_MODULES = YES;
				CLANG_ENABLE_OBJC_ARC = YES;
				CLANG_ENABLE_OBJC_WEAK = YES;
				CLANG_WARN_BLOCK_CAPTURE_AUTORELEASING = YES;
				CLANG_WARN_BOOL_CONVERSION = YES;
				CLANG_WARN_COMMA = YES;
				CLANG_WARN_CONSTANT_CONVERSION = YES;
				CLANG_WARN_DEPRECATED_OBJC_IMPLEMENTATIONS = YES;
				CLANG_WARN_DIRECT_OBJC_ISA_USAGE = YES_ERROR;
				CLANG_WARN_DOCUMENTATION_COMMENTS = YES;
				CLANG_WARN_EMPTY_BODY = YES;
				CLANG_WARN_ENUM_CONVERSION = YES;
				CLANG_WARN_INFINITE_RECURSION = YES;
				CLANG_WARN_INT_CONVERSION = YES;
				CLANG_WARN_NON_LITERAL_NULL_CONVERSION = YES;
				CLANG_WARN_OBJC_IMPLICIT_RETAIN_SELF = YES;
				CLANG_WARN_OBJC_LITERAL_CONVERSION = YES;
				CLANG_WARN_OBJC_ROOT_CLASS = YES_ERROR;
				CLANG_WARN_QUOTED_INCLUDE_IN_FRAMEWORK_HEADER = YES;
				CLANG_WARN_RANGE_LOOP_ANALYSIS = YES;
				CLANG_WARN_STRICT_PROTOTYPES = YES;
				CLANG_WARN_SUSPICIOUS_MOVE = YES;
				CLANG_WARN_UNGUARDED_AVAILABILITY = YES_AGGRESSIVE;
				CLANG_WARN_UNREACHABLE_CODE = YES;
				CLANG_WARN__DUPLICATE_METHOD_MATCH = YES;
				COPY_PHASE_STRIP = NO;
				DEBUG_INFORMATION_FORMAT = dwarf;
				ENABLE_STRICT_OBJC_MSGSEND = YES;
				ENABLE_TESTABILITY = YES;
				GCC_C_LANGUAGE_STANDARD = gnu11;
				GCC_DYNAMIC_NO_PIC = NO;
				GCC_NO_COMMON_BLOCKS = YES;
				GCC_OPTIMIZATION_LEVEL = 0;
				GCC_PREPROCESSOR_DEFINITIONS = (
					"DEBUG=1",
					"$(inherited)",
				);
				GCC_WARN_64_TO_32_BIT_CONVERSION = YES;
				GCC_WARN_ABOUT_RETURN_TYPE = YES_ERROR;
				GCC_WARN_UNDECLARED_SELECTOR = YES;
				GCC_WARN_UNINITIALIZED_AUTOS = YES_AGGRESSIVE;
				GCC_WARN_UNUSED_FUNCTION = YES;
				GCC_WARN_UNUSED_VARIABLE = YES;
				IPHONEOS_DEPLOYMENT_TARGET = 14.4;
				MTL_ENABLE_DEBUG_INFO = INCLUDE_SOURCE;
				MTL_FAST_MATH = YES;
				ONLY_ACTIVE_ARCH = YES;
				SDKROOT = iphoneos;
				SWIFT_ACTIVE_COMPILATION_CONDITIONS = DEBUG;
				SWIFT_OPTIMIZATION_LEVEL = "-Onone";
			};
			name = Debug;
		};
		4A18AEE92620E2DB00F75CB9 /* Release */ = {
			isa = XCBuildConfiguration;
			buildSettings = {
				ALWAYS_SEARCH_USER_PATHS = NO;
				CLANG_ANALYZER_NONNULL = YES;
				CLANG_ANALYZER_NUMBER_OBJECT_CONVERSION = YES_AGGRESSIVE;
				CLANG_CXX_LANGUAGE_STANDARD = "gnu++14";
				CLANG_CXX_LIBRARY = "libc++";
				CLANG_ENABLE_MODULES = YES;
				CLANG_ENABLE_OBJC_ARC = YES;
				CLANG_ENABLE_OBJC_WEAK = YES;
				CLANG_WARN_BLOCK_CAPTURE_AUTORELEASING = YES;
				CLANG_WARN_BOOL_CONVERSION = YES;
				CLANG_WARN_COMMA = YES;
				CLANG_WARN_CONSTANT_CONVERSION = YES;
				CLANG_WARN_DEPRECATED_OBJC_IMPLEMENTATIONS = YES;
				CLANG_WARN_DIRECT_OBJC_ISA_USAGE = YES_ERROR;
				CLANG_WARN_DOCUMENTATION_COMMENTS = YES;
				CLANG_WARN_EMPTY_BODY = YES;
				CLANG_WARN_ENUM_CONVERSION = YES;
				CLANG_WARN_INFINITE_RECURSION = YES;
				CLANG_WARN_INT_CONVERSION = YES;
				CLANG_WARN_NON_LITERAL_NULL_CONVERSION = YES;
				CLANG_WARN_OBJC_IMPLICIT_RETAIN_SELF = YES;
				CLANG_WARN_OBJC_LITERAL_CONVERSION = YES;
				CLANG_WARN_OBJC_ROOT_CLASS = YES_ERROR;
				CLANG_WARN_QUOTED_INCLUDE_IN_FRAMEWORK_HEADER = YES;
				CLANG_WARN_RANGE_LOOP_ANALYSIS = YES;
				CLANG_WARN_STRICT_PROTOTYPES = YES;
				CLANG_WARN_SUSPICIOUS_MOVE = YES;
				CLANG_WARN_UNGUARDED_AVAILABILITY = YES_AGGRESSIVE;
				CLANG_WARN_UNREACHABLE_CODE = YES;
				CLANG_WARN__DUPLICATE_METHOD_MATCH = YES;
				COPY_PHASE_STRIP = NO;
				DEBUG_INFORMATION_FORMAT = "dwarf-with-dsym";
				ENABLE_NS_ASSERTIONS = NO;
				ENABLE_STRICT_OBJC_MSGSEND = YES;
				GCC_C_LANGUAGE_STANDARD = gnu11;
				GCC_NO_COMMON_BLOCKS = YES;
				GCC_WARN_64_TO_32_BIT_CONVERSION = YES;
				GCC_WARN_ABOUT_RETURN_TYPE = YES_ERROR;
				GCC_WARN_UNDECLARED_SELECTOR = YES;
				GCC_WARN_UNINITIALIZED_AUTOS = YES_AGGRESSIVE;
				GCC_WARN_UNUSED_FUNCTION = YES;
				GCC_WARN_UNUSED_VARIABLE = YES;
				IPHONEOS_DEPLOYMENT_TARGET = 14.4;
				MTL_ENABLE_DEBUG_INFO = NO;
				MTL_FAST_MATH = YES;
				SDKROOT = iphoneos;
				SWIFT_COMPILATION_MODE = wholemodule;
				SWIFT_OPTIMIZATION_LEVEL = "-O";
				VALIDATE_PRODUCT = YES;
			};
			name = Release;
		};
		4A18AEEB2620E2DB00F75CB9 /* Debug */ = {
			isa = XCBuildConfiguration;
			buildSettings = {
				ASSETCATALOG_COMPILER_APPICON_NAME = AppIcon;
				ASSETCATALOG_COMPILER_GLOBAL_ACCENT_COLOR_NAME = AccentColor;
				CODE_SIGN_STYLE = Automatic;
				DEVELOPMENT_TEAM = N5DQ465SS7;
				INFOPLIST_FILE = "Lesson 5/Supporting Files/Info.plist";
				LD_RUNPATH_SEARCH_PATHS = (
					"$(inherited)",
					"@executable_path/Frameworks",
				);
				PRODUCT_BUNDLE_IDENTIFIER = "Sergey-Gnatyuk.Lesson-5";
				PRODUCT_NAME = "$(TARGET_NAME)";
				SWIFT_VERSION = 5.0;
				TARGETED_DEVICE_FAMILY = "1,2";
			};
			name = Debug;
		};
		4A18AEEC2620E2DB00F75CB9 /* Release */ = {
			isa = XCBuildConfiguration;
			buildSettings = {
				ASSETCATALOG_COMPILER_APPICON_NAME = AppIcon;
				ASSETCATALOG_COMPILER_GLOBAL_ACCENT_COLOR_NAME = AccentColor;
				CODE_SIGN_STYLE = Automatic;
				DEVELOPMENT_TEAM = N5DQ465SS7;
				INFOPLIST_FILE = "Lesson 5/Supporting Files/Info.plist";
				LD_RUNPATH_SEARCH_PATHS = (
					"$(inherited)",
					"@executable_path/Frameworks",
				);
				PRODUCT_BUNDLE_IDENTIFIER = "Sergey-Gnatyuk.Lesson-5";
				PRODUCT_NAME = "$(TARGET_NAME)";
				SWIFT_VERSION = 5.0;
				TARGETED_DEVICE_FAMILY = "1,2";
			};
			name = Release;
		};
/* End XCBuildConfiguration section */

/* Begin XCConfigurationList section */
		4A18AED12620E2D800F75CB9 /* Build configuration list for PBXProject "Lesson 5" */ = {
			isa = XCConfigurationList;
			buildConfigurations = (
				4A18AEE82620E2DB00F75CB9 /* Debug */,
				4A18AEE92620E2DB00F75CB9 /* Release */,
			);
			defaultConfigurationIsVisible = 0;
			defaultConfigurationName = Release;
		};
		4A18AEEA2620E2DB00F75CB9 /* Build configuration list for PBXNativeTarget "Lesson 5" */ = {
			isa = XCConfigurationList;
			buildConfigurations = (
				4A18AEEB2620E2DB00F75CB9 /* Debug */,
				4A18AEEC2620E2DB00F75CB9 /* Release */,
			);
			defaultConfigurationIsVisible = 0;
			defaultConfigurationName = Release;
		};
/* End XCConfigurationList section */
	};
	rootObject = 4A18AECE2620E2D800F75CB9 /* Project object */;
}
